// !$*UTF8*$!
{
	archiveVersion = 1;
	classes = {
	};
	objectVersion = 56;
	objects = {

/* Begin PBXBuildFile section */
		8C0252E92A49C02700618078 /* FeedStoreSpecs.swift in Sources */ = {isa = PBXBuildFile; fileRef = 8C0252E82A49C02700618078 /* FeedStoreSpecs.swift */; };
		8C0DCBCE2A44678D00B5C504 /* FeedCachePolicy.swift in Sources */ = {isa = PBXBuildFile; fileRef = 8C0DCBCD2A44678D00B5C504 /* FeedCachePolicy.swift */; };
		8C0F8C3F2A4A1A2A00DE1957 /* EssentialFeedCacheIntegrationTests.swift in Sources */ = {isa = PBXBuildFile; fileRef = 8C0F8C3E2A4A1A2A00DE1957 /* EssentialFeedCacheIntegrationTests.swift */; };
		8C0F8C402A4A1A2A00DE1957 /* EssentialFeed.framework in Frameworks */ = {isa = PBXBuildFile; fileRef = 8CE543FD2A229CCC00C15076 /* EssentialFeed.framework */; };
		8C0F8C472A4A1D4700DE1957 /* XCTestCase+MemoryLeakTracking.swift in Sources */ = {isa = PBXBuildFile; fileRef = 8C3C4A382A2A3B430019F02F /* XCTestCase+MemoryLeakTracking.swift */; };
		8C23E6502A2627DF008EA6A7 /* HTTPClient.swift in Sources */ = {isa = PBXBuildFile; fileRef = 8C23E64F2A2627DF008EA6A7 /* HTTPClient.swift */; };
		8C23E6522A262844008EA6A7 /* FeedItemsMapper.swift in Sources */ = {isa = PBXBuildFile; fileRef = 8C23E6512A262844008EA6A7 /* FeedItemsMapper.swift */; };
		8C23E6552A28A6D2008EA6A7 /* URLSessionHTTClientTests.swift in Sources */ = {isa = PBXBuildFile; fileRef = 8C23E6542A28A6D2008EA6A7 /* URLSessionHTTClientTests.swift */; };
		8C2D767A2A6208010040C50D /* EssentialFeediOS.framework in Frameworks */ = {isa = PBXBuildFile; fileRef = 8C2D76722A6208010040C50D /* EssentialFeediOS.framework */; };
		8C363A0A2A3BB16400A26680 /* EssentialFeedAPIEndToEntTests.swift in Sources */ = {isa = PBXBuildFile; fileRef = 8C6F2C1E2A2BF30200ED8344 /* EssentialFeedAPIEndToEntTests.swift */; };
		8C363A0B2A3BB16700A26680 /* EssentialFeedAPIEndToEntTests.swift in Sources */ = {isa = PBXBuildFile; fileRef = 8C6F2C1E2A2BF30200ED8344 /* EssentialFeedAPIEndToEntTests.swift */; };
		8C363A112A3BB76D00A26680 /* feed_architecture.png in Resources */ = {isa = PBXBuildFile; fileRef = 8C363A0F2A3BB76D00A26680 /* feed_architecture.png */; };
		8C363A122A3BB76D00A26680 /* feed_flowchart.png in Resources */ = {isa = PBXBuildFile; fileRef = 8C363A102A3BB76D00A26680 /* feed_flowchart.png */; };
		8C3C4A392A2A3B430019F02F /* XCTestCase+MemoryLeakTracking.swift in Sources */ = {isa = PBXBuildFile; fileRef = 8C3C4A382A2A3B430019F02F /* XCTestCase+MemoryLeakTracking.swift */; };
		8C3C4A3B2A2A78D30019F02F /* URLSessionHTTPClient.swift in Sources */ = {isa = PBXBuildFile; fileRef = 8C3C4A3A2A2A78D30019F02F /* URLSessionHTTPClient.swift */; };
		8C6F2C142A2BE54400ED8344 /* EssentialFeed.framework in Frameworks */ = {isa = PBXBuildFile; fileRef = 8CE543FD2A229CCC00C15076 /* EssentialFeed.framework */; };
		8C6F2C1C2A2BF01600ED8344 /* XCTestCase+MemoryLeakTracking.swift in Sources */ = {isa = PBXBuildFile; fileRef = 8C3C4A382A2A3B430019F02F /* XCTestCase+MemoryLeakTracking.swift */; };
		8C878C702A4316FF00BED099 /* ValidateFeedCacheUseCaseTests.swift in Sources */ = {isa = PBXBuildFile; fileRef = 8C878C6F2A4316FF00BED099 /* ValidateFeedCacheUseCaseTests.swift */; };
		8CAA56042A3E5A13001B457F /* LocalFeedLoader.swift in Sources */ = {isa = PBXBuildFile; fileRef = 8CAA56032A3E5A13001B457F /* LocalFeedLoader.swift */; };
		8CAA56062A3E5ADB001B457F /* FeedStore.swift in Sources */ = {isa = PBXBuildFile; fileRef = 8CAA56052A3E5ADB001B457F /* FeedStore.swift */; };
		8CAA56082A3F30DF001B457F /* RemoteFeedItem.swift in Sources */ = {isa = PBXBuildFile; fileRef = 8CAA56072A3F30DF001B457F /* RemoteFeedItem.swift */; };
		8CAA560A2A3F3176001B457F /* LocalFeedImage.swift in Sources */ = {isa = PBXBuildFile; fileRef = 8CAA56092A3F3176001B457F /* LocalFeedImage.swift */; };
		8CAA560C2A40999C001B457F /* LoadFeedFromCacheUseCaseTests.swift in Sources */ = {isa = PBXBuildFile; fileRef = 8CAA560B2A40999C001B457F /* LoadFeedFromCacheUseCaseTests.swift */; };
		8CAA560E2A409B9E001B457F /* FeedStoreSpy.swift in Sources */ = {isa = PBXBuildFile; fileRef = 8CAA560D2A409B9E001B457F /* FeedStoreSpy.swift */; };
		8CAE3EE92A3DF76100F3880D /* CacheFeedUseCaseTests.swift in Sources */ = {isa = PBXBuildFile; fileRef = 8CAE3EE82A3DF76100F3880D /* CacheFeedUseCaseTests.swift */; };
		8CBBBDD12A4B620800B3F46E /* SharedTestHelpers.swift in Sources */ = {isa = PBXBuildFile; fileRef = 8CBFA4A02A432376004AA9D6 /* SharedTestHelpers.swift */; };
		8CBBBDD72A4B652600B3F46E /* FeedCacheTestHelpers.swift in Sources */ = {isa = PBXBuildFile; fileRef = 8CBFA49E2A4320DC004AA9D6 /* FeedCacheTestHelpers.swift */; };
		8CBFA49F2A4320DC004AA9D6 /* FeedCacheTestHelpers.swift in Sources */ = {isa = PBXBuildFile; fileRef = 8CBFA49E2A4320DC004AA9D6 /* FeedCacheTestHelpers.swift */; };
		8CBFA4A12A432376004AA9D6 /* SharedTestHelpers.swift in Sources */ = {isa = PBXBuildFile; fileRef = 8CBFA4A02A432376004AA9D6 /* SharedTestHelpers.swift */; };
		8CC198F22A49C31B00D6ED13 /* XCTestCase+FeedStoreSpecs.swift in Sources */ = {isa = PBXBuildFile; fileRef = 8CC198F12A49C31B00D6ED13 /* XCTestCase+FeedStoreSpecs.swift */; };
		8CC198F42A49C35E00D6ED13 /* XCTestCase+FailableRetrieveFeedStoreSpecs.swift in Sources */ = {isa = PBXBuildFile; fileRef = 8CC198F32A49C35E00D6ED13 /* XCTestCase+FailableRetrieveFeedStoreSpecs.swift */; };
		8CC198F62A49C37900D6ED13 /* XCTestCase+FailableInsertFeedStoreSpecs.swift in Sources */ = {isa = PBXBuildFile; fileRef = 8CC198F52A49C37900D6ED13 /* XCTestCase+FailableInsertFeedStoreSpecs.swift */; };
		8CC198F82A49C3B500D6ED13 /* XCTestCase+FailableDeleteFeedStoreSpecs.swift in Sources */ = {isa = PBXBuildFile; fileRef = 8CC198F72A49C3B500D6ED13 /* XCTestCase+FailableDeleteFeedStoreSpecs.swift */; };
		8CC199022A49FE5E00D6ED13 /* CoreDataHelpers.swift in Sources */ = {isa = PBXBuildFile; fileRef = 8CC198FC2A49FE5E00D6ED13 /* CoreDataHelpers.swift */; };
		8CC199032A49FE5E00D6ED13 /* CoreDataFeedStore.swift in Sources */ = {isa = PBXBuildFile; fileRef = 8CC198FD2A49FE5E00D6ED13 /* CoreDataFeedStore.swift */; };
		8CC199042A49FE5E00D6ED13 /* ManagedCache.swift in Sources */ = {isa = PBXBuildFile; fileRef = 8CC198FE2A49FE5E00D6ED13 /* ManagedCache.swift */; };
		8CC199052A49FE5E00D6ED13 /* FeedStore.xcdatamodeld in Sources */ = {isa = PBXBuildFile; fileRef = 8CC198FF2A49FE5E00D6ED13 /* FeedStore.xcdatamodeld */; };
		8CC199062A49FE5E00D6ED13 /* ManagedFeedImage.swift in Sources */ = {isa = PBXBuildFile; fileRef = 8CC199012A49FE5E00D6ED13 /* ManagedFeedImage.swift */; };
		8CC1990A2A49FF6E00D6ED13 /* CoreDataFeedStoreTests.swift in Sources */ = {isa = PBXBuildFile; fileRef = 8CC199092A49FF6E00D6ED13 /* CoreDataFeedStoreTests.swift */; };
		8CE544062A229CCC00C15076 /* EssentialFeed.framework in Frameworks */ = {isa = PBXBuildFile; fileRef = 8CE543FD2A229CCC00C15076 /* EssentialFeed.framework */; };
		8CE5440C2A229CCC00C15076 /* EssentialFeed.h in Headers */ = {isa = PBXBuildFile; fileRef = 8CE544002A229CCC00C15076 /* EssentialFeed.h */; settings = {ATTRIBUTES = (Public, ); }; };
		8CE544182A229D7D00C15076 /* FeedLoader.swift in Sources */ = {isa = PBXBuildFile; fileRef = 8CE544172A229D7D00C15076 /* FeedLoader.swift */; };
		8CE5441A2A229E2300C15076 /* FeedImage.swift in Sources */ = {isa = PBXBuildFile; fileRef = 8CE544192A229E2300C15076 /* FeedImage.swift */; };
		8CE544202A22ADD400C15076 /* RemoteFeedLoader.swift in Sources */ = {isa = PBXBuildFile; fileRef = 8CE5441F2A22ADD400C15076 /* RemoteFeedLoader.swift */; };
		8CE544222A22AE0600C15076 /* LoadFeedFromRemoteUseCaseTests.swift in Sources */ = {isa = PBXBuildFile; fileRef = 8CE5441C2A22A09C00C15076 /* LoadFeedFromRemoteUseCaseTests.swift */; };
/* End PBXBuildFile section */

/* Begin PBXContainerItemProxy section */
		8C0F8C412A4A1A2A00DE1957 /* PBXContainerItemProxy */ = {
			isa = PBXContainerItemProxy;
			containerPortal = 8CE543F42A229CCC00C15076 /* Project object */;
			proxyType = 1;
			remoteGlobalIDString = 8CE543FC2A229CCC00C15076;
			remoteInfo = EssentialFeed;
		};
		8C2D767B2A6208010040C50D /* PBXContainerItemProxy */ = {
			isa = PBXContainerItemProxy;
			containerPortal = 8CE543F42A229CCC00C15076 /* Project object */;
			proxyType = 1;
			remoteGlobalIDString = 8C2D76712A6208010040C50D;
			remoteInfo = EssentialFeediOS;
		};
		8C6F2C152A2BE54400ED8344 /* PBXContainerItemProxy */ = {
			isa = PBXContainerItemProxy;
			containerPortal = 8CE543F42A229CCC00C15076 /* Project object */;
			proxyType = 1;
			remoteGlobalIDString = 8CE543FC2A229CCC00C15076;
			remoteInfo = EssentialFeed;
		};
		8CE544072A229CCC00C15076 /* PBXContainerItemProxy */ = {
			isa = PBXContainerItemProxy;
			containerPortal = 8CE543F42A229CCC00C15076 /* Project object */;
			proxyType = 1;
			remoteGlobalIDString = 8CE543FC2A229CCC00C15076;
			remoteInfo = EssentialFeed;
		};
/* End PBXContainerItemProxy section */

/* Begin PBXFileReference section */
		8C0252E82A49C02700618078 /* FeedStoreSpecs.swift */ = {isa = PBXFileReference; lastKnownFileType = sourcecode.swift; path = FeedStoreSpecs.swift; sourceTree = "<group>"; };
		8C0DCBCD2A44678D00B5C504 /* FeedCachePolicy.swift */ = {isa = PBXFileReference; lastKnownFileType = sourcecode.swift; path = FeedCachePolicy.swift; sourceTree = "<group>"; };
		8C0F8C3C2A4A1A2A00DE1957 /* EssentialFeedCacheIntegrationTests.xctest */ = {isa = PBXFileReference; explicitFileType = wrapper.cfbundle; includeInIndex = 0; path = EssentialFeedCacheIntegrationTests.xctest; sourceTree = BUILT_PRODUCTS_DIR; };
		8C0F8C3E2A4A1A2A00DE1957 /* EssentialFeedCacheIntegrationTests.swift */ = {isa = PBXFileReference; lastKnownFileType = sourcecode.swift; path = EssentialFeedCacheIntegrationTests.swift; sourceTree = "<group>"; };
		8C0F8C462A4A1A7900DE1957 /* EssentialFeedCacheIntegrationTests.xctestplan */ = {isa = PBXFileReference; lastKnownFileType = text; path = EssentialFeedCacheIntegrationTests.xctestplan; sourceTree = "<group>"; };
		8C23E64F2A2627DF008EA6A7 /* HTTPClient.swift */ = {isa = PBXFileReference; lastKnownFileType = sourcecode.swift; path = HTTPClient.swift; sourceTree = "<group>"; };
		8C23E6512A262844008EA6A7 /* FeedItemsMapper.swift */ = {isa = PBXFileReference; lastKnownFileType = sourcecode.swift; path = FeedItemsMapper.swift; sourceTree = "<group>"; };
		8C23E6542A28A6D2008EA6A7 /* URLSessionHTTClientTests.swift */ = {isa = PBXFileReference; lastKnownFileType = sourcecode.swift; path = URLSessionHTTClientTests.swift; sourceTree = "<group>"; };
		8C2D766C2A62043E0040C50D /* EssentialFeedAPIEndToEndTests.xctestplan */ = {isa = PBXFileReference; lastKnownFileType = text; path = EssentialFeedAPIEndToEndTests.xctestplan; sourceTree = "<group>"; };
		8C2D76722A6208010040C50D /* EssentialFeediOS.framework */ = {isa = PBXFileReference; explicitFileType = wrapper.framework; includeInIndex = 0; path = EssentialFeediOS.framework; sourceTree = BUILT_PRODUCTS_DIR; };
		8C2D76792A6208010040C50D /* EssentialFeediOSTests.xctest */ = {isa = PBXFileReference; explicitFileType = wrapper.cfbundle; includeInIndex = 0; path = EssentialFeediOSTests.xctest; sourceTree = BUILT_PRODUCTS_DIR; };
		8C2D76872A620A090040C50D /* EssentialFeediOS.xctestplan */ = {isa = PBXFileReference; lastKnownFileType = text; path = EssentialFeediOS.xctestplan; sourceTree = "<group>"; };
		8C2D76892A620E860040C50D /* CI_iOS.xctestplan */ = {isa = PBXFileReference; lastKnownFileType = text; path = CI_iOS.xctestplan; sourceTree = "<group>"; };
		8C363A0F2A3BB76D00A26680 /* feed_architecture.png */ = {isa = PBXFileReference; lastKnownFileType = image.png; path = feed_architecture.png; sourceTree = "<group>"; };
		8C363A102A3BB76D00A26680 /* feed_flowchart.png */ = {isa = PBXFileReference; lastKnownFileType = image.png; path = feed_flowchart.png; sourceTree = "<group>"; };
		8C3C4A382A2A3B430019F02F /* XCTestCase+MemoryLeakTracking.swift */ = {isa = PBXFileReference; lastKnownFileType = sourcecode.swift; path = "XCTestCase+MemoryLeakTracking.swift"; sourceTree = "<group>"; };
		8C3C4A3A2A2A78D30019F02F /* URLSessionHTTPClient.swift */ = {isa = PBXFileReference; lastKnownFileType = sourcecode.swift; path = URLSessionHTTPClient.swift; sourceTree = "<group>"; };
		8C6F2C0B2A2BE3A400ED8344 /* EssentialFeed.xctestplan */ = {isa = PBXFileReference; lastKnownFileType = text; path = EssentialFeed.xctestplan; sourceTree = "<group>"; };
		8C6F2C102A2BE54400ED8344 /* EssentialFeedAPIEndToEndTests.xctest */ = {isa = PBXFileReference; explicitFileType = wrapper.cfbundle; includeInIndex = 0; path = EssentialFeedAPIEndToEndTests.xctest; sourceTree = BUILT_PRODUCTS_DIR; };
		8C6F2C1E2A2BF30200ED8344 /* EssentialFeedAPIEndToEntTests.swift */ = {isa = PBXFileReference; lastKnownFileType = sourcecode.swift; name = EssentialFeedAPIEndToEntTests.swift; path = EssentialFeedTests/EssentialFeedAPIEndToEndTests/EssentialFeedAPIEndToEntTests.swift; sourceTree = SOURCE_ROOT; };
		8C6F2C202A2BF38700ED8344 /* CI_macOS.xctestplan */ = {isa = PBXFileReference; lastKnownFileType = text; path = CI_macOS.xctestplan; sourceTree = SOURCE_ROOT; };
		8C878C6F2A4316FF00BED099 /* ValidateFeedCacheUseCaseTests.swift */ = {isa = PBXFileReference; lastKnownFileType = sourcecode.swift; path = ValidateFeedCacheUseCaseTests.swift; sourceTree = "<group>"; };
		8CAA56032A3E5A13001B457F /* LocalFeedLoader.swift */ = {isa = PBXFileReference; lastKnownFileType = sourcecode.swift; path = LocalFeedLoader.swift; sourceTree = "<group>"; };
		8CAA56052A3E5ADB001B457F /* FeedStore.swift */ = {isa = PBXFileReference; lastKnownFileType = sourcecode.swift; path = FeedStore.swift; sourceTree = "<group>"; };
		8CAA56072A3F30DF001B457F /* RemoteFeedItem.swift */ = {isa = PBXFileReference; lastKnownFileType = sourcecode.swift; path = RemoteFeedItem.swift; sourceTree = "<group>"; };
		8CAA56092A3F3176001B457F /* LocalFeedImage.swift */ = {isa = PBXFileReference; lastKnownFileType = sourcecode.swift; path = LocalFeedImage.swift; sourceTree = "<group>"; };
		8CAA560B2A40999C001B457F /* LoadFeedFromCacheUseCaseTests.swift */ = {isa = PBXFileReference; lastKnownFileType = sourcecode.swift; path = LoadFeedFromCacheUseCaseTests.swift; sourceTree = "<group>"; };
		8CAA560D2A409B9E001B457F /* FeedStoreSpy.swift */ = {isa = PBXFileReference; lastKnownFileType = sourcecode.swift; path = FeedStoreSpy.swift; sourceTree = "<group>"; };
		8CAE3EE52A3DF4DA00F3880D /* README.md */ = {isa = PBXFileReference; lastKnownFileType = net.daringfireball.markdown; path = README.md; sourceTree = "<group>"; };
		8CAE3EE82A3DF76100F3880D /* CacheFeedUseCaseTests.swift */ = {isa = PBXFileReference; lastKnownFileType = sourcecode.swift; path = CacheFeedUseCaseTests.swift; sourceTree = "<group>"; };
		8CBFA49E2A4320DC004AA9D6 /* FeedCacheTestHelpers.swift */ = {isa = PBXFileReference; lastKnownFileType = sourcecode.swift; path = FeedCacheTestHelpers.swift; sourceTree = "<group>"; };
		8CBFA4A02A432376004AA9D6 /* SharedTestHelpers.swift */ = {isa = PBXFileReference; lastKnownFileType = sourcecode.swift; path = SharedTestHelpers.swift; sourceTree = "<group>"; };
		8CC198F12A49C31B00D6ED13 /* XCTestCase+FeedStoreSpecs.swift */ = {isa = PBXFileReference; lastKnownFileType = sourcecode.swift; path = "XCTestCase+FeedStoreSpecs.swift"; sourceTree = "<group>"; };
		8CC198F32A49C35E00D6ED13 /* XCTestCase+FailableRetrieveFeedStoreSpecs.swift */ = {isa = PBXFileReference; lastKnownFileType = sourcecode.swift; path = "XCTestCase+FailableRetrieveFeedStoreSpecs.swift"; sourceTree = "<group>"; };
		8CC198F52A49C37900D6ED13 /* XCTestCase+FailableInsertFeedStoreSpecs.swift */ = {isa = PBXFileReference; lastKnownFileType = sourcecode.swift; path = "XCTestCase+FailableInsertFeedStoreSpecs.swift"; sourceTree = "<group>"; };
		8CC198F72A49C3B500D6ED13 /* XCTestCase+FailableDeleteFeedStoreSpecs.swift */ = {isa = PBXFileReference; lastKnownFileType = sourcecode.swift; path = "XCTestCase+FailableDeleteFeedStoreSpecs.swift"; sourceTree = "<group>"; };
		8CC198FC2A49FE5E00D6ED13 /* CoreDataHelpers.swift */ = {isa = PBXFileReference; fileEncoding = 4; lastKnownFileType = sourcecode.swift; path = CoreDataHelpers.swift; sourceTree = "<group>"; };
		8CC198FD2A49FE5E00D6ED13 /* CoreDataFeedStore.swift */ = {isa = PBXFileReference; fileEncoding = 4; lastKnownFileType = sourcecode.swift; path = CoreDataFeedStore.swift; sourceTree = "<group>"; };
		8CC198FE2A49FE5E00D6ED13 /* ManagedCache.swift */ = {isa = PBXFileReference; fileEncoding = 4; lastKnownFileType = sourcecode.swift; path = ManagedCache.swift; sourceTree = "<group>"; };
		8CC199002A49FE5E00D6ED13 /* FeedStore.xcdatamodel */ = {isa = PBXFileReference; lastKnownFileType = wrapper.xcdatamodel; path = FeedStore.xcdatamodel; sourceTree = "<group>"; };
		8CC199012A49FE5E00D6ED13 /* ManagedFeedImage.swift */ = {isa = PBXFileReference; fileEncoding = 4; lastKnownFileType = sourcecode.swift; path = ManagedFeedImage.swift; sourceTree = "<group>"; };
		8CC199092A49FF6E00D6ED13 /* CoreDataFeedStoreTests.swift */ = {isa = PBXFileReference; fileEncoding = 4; lastKnownFileType = sourcecode.swift; path = CoreDataFeedStoreTests.swift; sourceTree = "<group>"; };
		8CE543FD2A229CCC00C15076 /* EssentialFeed.framework */ = {isa = PBXFileReference; explicitFileType = wrapper.framework; includeInIndex = 0; path = EssentialFeed.framework; sourceTree = BUILT_PRODUCTS_DIR; };
		8CE544002A229CCC00C15076 /* EssentialFeed.h */ = {isa = PBXFileReference; lastKnownFileType = sourcecode.c.h; path = EssentialFeed.h; sourceTree = "<group>"; };
		8CE544052A229CCC00C15076 /* EssentialFeedTests.xctest */ = {isa = PBXFileReference; explicitFileType = wrapper.cfbundle; includeInIndex = 0; path = EssentialFeedTests.xctest; sourceTree = BUILT_PRODUCTS_DIR; };
		8CE544172A229D7D00C15076 /* FeedLoader.swift */ = {isa = PBXFileReference; lastKnownFileType = sourcecode.swift; path = FeedLoader.swift; sourceTree = "<group>"; };
		8CE544192A229E2300C15076 /* FeedImage.swift */ = {isa = PBXFileReference; lastKnownFileType = sourcecode.swift; path = FeedImage.swift; sourceTree = "<group>"; };
		8CE5441C2A22A09C00C15076 /* LoadFeedFromRemoteUseCaseTests.swift */ = {isa = PBXFileReference; lastKnownFileType = sourcecode.swift; path = LoadFeedFromRemoteUseCaseTests.swift; sourceTree = "<group>"; };
		8CE5441F2A22ADD400C15076 /* RemoteFeedLoader.swift */ = {isa = PBXFileReference; lastKnownFileType = sourcecode.swift; path = RemoteFeedLoader.swift; sourceTree = "<group>"; };
/* End PBXFileReference section */

/* Begin PBXFrameworksBuildPhase section */
		8C0F8C392A4A1A2A00DE1957 /* Frameworks */ = {
			isa = PBXFrameworksBuildPhase;
			buildActionMask = 2147483647;
			files = (
				8C0F8C402A4A1A2A00DE1957 /* EssentialFeed.framework in Frameworks */,
			);
			runOnlyForDeploymentPostprocessing = 0;
		};
		8C2D766F2A6208010040C50D /* Frameworks */ = {
			isa = PBXFrameworksBuildPhase;
			buildActionMask = 2147483647;
			files = (
			);
			runOnlyForDeploymentPostprocessing = 0;
		};
		8C2D76762A6208010040C50D /* Frameworks */ = {
			isa = PBXFrameworksBuildPhase;
			buildActionMask = 2147483647;
			files = (
				8C2D767A2A6208010040C50D /* EssentialFeediOS.framework in Frameworks */,
			);
			runOnlyForDeploymentPostprocessing = 0;
		};
		8C6F2C0D2A2BE54400ED8344 /* Frameworks */ = {
			isa = PBXFrameworksBuildPhase;
			buildActionMask = 2147483647;
			files = (
				8C6F2C142A2BE54400ED8344 /* EssentialFeed.framework in Frameworks */,
			);
			runOnlyForDeploymentPostprocessing = 0;
		};
		8CE543FA2A229CCC00C15076 /* Frameworks */ = {
			isa = PBXFrameworksBuildPhase;
			buildActionMask = 2147483647;
			files = (
			);
			runOnlyForDeploymentPostprocessing = 0;
		};
		8CE544022A229CCC00C15076 /* Frameworks */ = {
			isa = PBXFrameworksBuildPhase;
			buildActionMask = 2147483647;
			files = (
				8CE544062A229CCC00C15076 /* EssentialFeed.framework in Frameworks */,
			);
			runOnlyForDeploymentPostprocessing = 0;
		};
/* End PBXFrameworksBuildPhase section */

/* Begin PBXGroup section */
		8C0F8C3D2A4A1A2A00DE1957 /* EssentialFeedCacheIntegrationTests */ = {
			isa = PBXGroup;
			children = (
				8C0F8C3E2A4A1A2A00DE1957 /* EssentialFeedCacheIntegrationTests.swift */,
			);
			path = EssentialFeedCacheIntegrationTests;
			sourceTree = "<group>";
		};
		8C23E6532A2632C9008EA6A7 /* Feed API */ = {
			isa = PBXGroup;
			children = (
				8CE5441C2A22A09C00C15076 /* LoadFeedFromRemoteUseCaseTests.swift */,
				8C23E6542A28A6D2008EA6A7 /* URLSessionHTTClientTests.swift */,
			);
			path = "Feed API";
			sourceTree = "<group>";
		};
		8C2D76732A6208010040C50D /* EssentialFeediOS */ = {
			isa = PBXGroup;
			children = (
			);
			path = EssentialFeediOS;
			sourceTree = "<group>";
		};
		8C2D767D2A6208010040C50D /* EssentialFeediOSTests */ = {
			isa = PBXGroup;
			children = (
			);
			path = EssentialFeediOSTests;
			sourceTree = "<group>";
		};
		8C363A072A3BB11400A26680 /* EssentialFeedAPIEndToEndTests */ = {
			isa = PBXGroup;
			children = (
				8C6F2C1E2A2BF30200ED8344 /* EssentialFeedAPIEndToEntTests.swift */,
			);
			path = EssentialFeedAPIEndToEndTests;
			sourceTree = "<group>";
		};
		8C3C4A372A2A3B190019F02F /* Helpers */ = {
			isa = PBXGroup;
			children = (
				8C3C4A382A2A3B430019F02F /* XCTestCase+MemoryLeakTracking.swift */,
				8CBFA4A02A432376004AA9D6 /* SharedTestHelpers.swift */,
			);
			path = Helpers;
			sourceTree = "<group>";
		};
		8CAA56022A3E59FC001B457F /* Feed Cache  */ = {
			isa = PBXGroup;
			children = (
				8CC198F92A49FE1C00D6ED13 /* Infrastructure */,
				8CAA56032A3E5A13001B457F /* LocalFeedLoader.swift */,
				8CAA56052A3E5ADB001B457F /* FeedStore.swift */,
				8CAA56092A3F3176001B457F /* LocalFeedImage.swift */,
				8C0DCBCD2A44678D00B5C504 /* FeedCachePolicy.swift */,
			);
			path = "Feed Cache ";
			sourceTree = "<group>";
		};
		8CAE3EE72A3DF72B00F3880D /* Feed Cache */ = {
			isa = PBXGroup;
			children = (
				8CC199082A49FF2F00D6ED13 /* Feed Store Specs */,
				8CC198F02A49C2C400D6ED13 /* Helpers */,
				8CAE3EE82A3DF76100F3880D /* CacheFeedUseCaseTests.swift */,
				8CAA560B2A40999C001B457F /* LoadFeedFromCacheUseCaseTests.swift */,
				8C878C6F2A4316FF00BED099 /* ValidateFeedCacheUseCaseTests.swift */,
				8CC199092A49FF6E00D6ED13 /* CoreDataFeedStoreTests.swift */,
			);
			path = "Feed Cache";
			sourceTree = "<group>";
		};
		8CC198F02A49C2C400D6ED13 /* Helpers */ = {
			isa = PBXGroup;
			children = (
				8CAA560D2A409B9E001B457F /* FeedStoreSpy.swift */,
				8CBFA49E2A4320DC004AA9D6 /* FeedCacheTestHelpers.swift */,
			);
			path = Helpers;
			sourceTree = "<group>";
		};
		8CC198F92A49FE1C00D6ED13 /* Infrastructure */ = {
			isa = PBXGroup;
			children = (
				8CC198FB2A49FE3E00D6ED13 /* CoreData */,
			);
			path = Infrastructure;
			sourceTree = "<group>";
		};
		8CC198FB2A49FE3E00D6ED13 /* CoreData */ = {
			isa = PBXGroup;
			children = (
				8CC198FD2A49FE5E00D6ED13 /* CoreDataFeedStore.swift */,
				8CC198FC2A49FE5E00D6ED13 /* CoreDataHelpers.swift */,
				8CC198FF2A49FE5E00D6ED13 /* FeedStore.xcdatamodeld */,
				8CC198FE2A49FE5E00D6ED13 /* ManagedCache.swift */,
				8CC199012A49FE5E00D6ED13 /* ManagedFeedImage.swift */,
			);
			path = CoreData;
			sourceTree = "<group>";
		};
		8CC199072A49FED200D6ED13 /* Feed Feature */ = {
			isa = PBXGroup;
			children = (
				8CE544192A229E2300C15076 /* FeedImage.swift */,
				8CE544172A229D7D00C15076 /* FeedLoader.swift */,
			);
			path = "Feed Feature";
			sourceTree = "<group>";
		};
		8CC199082A49FF2F00D6ED13 /* Feed Store Specs */ = {
			isa = PBXGroup;
			children = (
				8C0252E82A49C02700618078 /* FeedStoreSpecs.swift */,
				8CC198F12A49C31B00D6ED13 /* XCTestCase+FeedStoreSpecs.swift */,
				8CC198F32A49C35E00D6ED13 /* XCTestCase+FailableRetrieveFeedStoreSpecs.swift */,
				8CC198F52A49C37900D6ED13 /* XCTestCase+FailableInsertFeedStoreSpecs.swift */,
				8CC198F72A49C3B500D6ED13 /* XCTestCase+FailableDeleteFeedStoreSpecs.swift */,
			);
			path = "Feed Store Specs";
			sourceTree = "<group>";
		};
		8CE543F32A229CCC00C15076 = {
			isa = PBXGroup;
			children = (
				8C6F2C0B2A2BE3A400ED8344 /* EssentialFeed.xctestplan */,
				8C6F2C202A2BF38700ED8344 /* CI_macOS.xctestplan */,
				8C2D76892A620E860040C50D /* CI_iOS.xctestplan */,
				8C2D766C2A62043E0040C50D /* EssentialFeedAPIEndToEndTests.xctestplan */,
				8C2D76872A620A090040C50D /* EssentialFeediOS.xctestplan */,
				8C0F8C462A4A1A7900DE1957 /* EssentialFeedCacheIntegrationTests.xctestplan */,
				8C363A0F2A3BB76D00A26680 /* feed_architecture.png */,
				8C363A102A3BB76D00A26680 /* feed_flowchart.png */,
				8CAE3EE52A3DF4DA00F3880D /* README.md */,
				8CE543FF2A229CCC00C15076 /* EssentialFeed */,
				8CE544092A229CCC00C15076 /* EssentialFeedTests */,
				8C0F8C3D2A4A1A2A00DE1957 /* EssentialFeedCacheIntegrationTests */,
				8C2D76732A6208010040C50D /* EssentialFeediOS */,
				8C2D767D2A6208010040C50D /* EssentialFeediOSTests */,
				8CE543FE2A229CCC00C15076 /* Products */,
			);
			sourceTree = "<group>";
		};
		8CE543FE2A229CCC00C15076 /* Products */ = {
			isa = PBXGroup;
			children = (
				8CE543FD2A229CCC00C15076 /* EssentialFeed.framework */,
				8CE544052A229CCC00C15076 /* EssentialFeedTests.xctest */,
				8C6F2C102A2BE54400ED8344 /* EssentialFeedAPIEndToEndTests.xctest */,
				8C0F8C3C2A4A1A2A00DE1957 /* EssentialFeedCacheIntegrationTests.xctest */,
				8C2D76722A6208010040C50D /* EssentialFeediOS.framework */,
				8C2D76792A6208010040C50D /* EssentialFeediOSTests.xctest */,
			);
			name = Products;
			sourceTree = "<group>";
		};
		8CE543FF2A229CCC00C15076 /* EssentialFeed */ = {
			isa = PBXGroup;
			children = (
				8CAA56022A3E59FC001B457F /* Feed Cache  */,
				8CC199072A49FED200D6ED13 /* Feed Feature */,
				8CE5441E2A22ADB000C15076 /* Feed API */,
				8CE544002A229CCC00C15076 /* EssentialFeed.h */,
			);
			path = EssentialFeed;
			sourceTree = "<group>";
		};
		8CE544092A229CCC00C15076 /* EssentialFeedTests */ = {
			isa = PBXGroup;
			children = (
				8C3C4A372A2A3B190019F02F /* Helpers */,
				8CAE3EE72A3DF72B00F3880D /* Feed Cache */,
				8C23E6532A2632C9008EA6A7 /* Feed API */,
				8C363A072A3BB11400A26680 /* EssentialFeedAPIEndToEndTests */,
			);
			path = EssentialFeedTests;
			sourceTree = "<group>";
		};
		8CE5441E2A22ADB000C15076 /* Feed API */ = {
			isa = PBXGroup;
			children = (
				8CE5441F2A22ADD400C15076 /* RemoteFeedLoader.swift */,
				8C23E6512A262844008EA6A7 /* FeedItemsMapper.swift */,
				8CAA56072A3F30DF001B457F /* RemoteFeedItem.swift */,
				8C23E64F2A2627DF008EA6A7 /* HTTPClient.swift */,
				8C3C4A3A2A2A78D30019F02F /* URLSessionHTTPClient.swift */,
			);
			path = "Feed API";
			sourceTree = "<group>";
		};
/* End PBXGroup section */

/* Begin PBXHeadersBuildPhase section */
		8C2D766D2A6208010040C50D /* Headers */ = {
			isa = PBXHeadersBuildPhase;
			buildActionMask = 2147483647;
			files = (
			);
			runOnlyForDeploymentPostprocessing = 0;
		};
		8CE543F82A229CCC00C15076 /* Headers */ = {
			isa = PBXHeadersBuildPhase;
			buildActionMask = 2147483647;
			files = (
				8CE5440C2A229CCC00C15076 /* EssentialFeed.h in Headers */,
			);
			runOnlyForDeploymentPostprocessing = 0;
		};
/* End PBXHeadersBuildPhase section */

/* Begin PBXNativeTarget section */
		8C0F8C3B2A4A1A2A00DE1957 /* EssentialFeedCacheIntegrationTests */ = {
			isa = PBXNativeTarget;
			buildConfigurationList = 8C0F8C452A4A1A2A00DE1957 /* Build configuration list for PBXNativeTarget "EssentialFeedCacheIntegrationTests" */;
			buildPhases = (
				8C0F8C382A4A1A2A00DE1957 /* Sources */,
				8C0F8C392A4A1A2A00DE1957 /* Frameworks */,
				8C0F8C3A2A4A1A2A00DE1957 /* Resources */,
			);
			buildRules = (
			);
			dependencies = (
				8C0F8C422A4A1A2A00DE1957 /* PBXTargetDependency */,
			);
			name = EssentialFeedCacheIntegrationTests;
			productName = EssentialFeedCacheIntegrationTests;
			productReference = 8C0F8C3C2A4A1A2A00DE1957 /* EssentialFeedCacheIntegrationTests.xctest */;
			productType = "com.apple.product-type.bundle.unit-test";
		};
		8C2D76712A6208010040C50D /* EssentialFeediOS */ = {
			isa = PBXNativeTarget;
			buildConfigurationList = 8C2D76812A6208010040C50D /* Build configuration list for PBXNativeTarget "EssentialFeediOS" */;
			buildPhases = (
				8C2D766D2A6208010040C50D /* Headers */,
				8C2D766E2A6208010040C50D /* Sources */,
				8C2D766F2A6208010040C50D /* Frameworks */,
				8C2D76702A6208010040C50D /* Resources */,
			);
			buildRules = (
			);
			dependencies = (
			);
			name = EssentialFeediOS;
			productName = EssentialFeediOS;
			productReference = 8C2D76722A6208010040C50D /* EssentialFeediOS.framework */;
			productType = "com.apple.product-type.framework";
		};
		8C2D76782A6208010040C50D /* EssentialFeediOSTests */ = {
			isa = PBXNativeTarget;
			buildConfigurationList = 8C2D76842A6208010040C50D /* Build configuration list for PBXNativeTarget "EssentialFeediOSTests" */;
			buildPhases = (
				8C2D76752A6208010040C50D /* Sources */,
				8C2D76762A6208010040C50D /* Frameworks */,
				8C2D76772A6208010040C50D /* Resources */,
			);
			buildRules = (
			);
			dependencies = (
				8C2D767C2A6208010040C50D /* PBXTargetDependency */,
			);
			name = EssentialFeediOSTests;
			productName = EssentialFeediOSTests;
			productReference = 8C2D76792A6208010040C50D /* EssentialFeediOSTests.xctest */;
			productType = "com.apple.product-type.bundle.unit-test";
		};
		8C6F2C0F2A2BE54400ED8344 /* EssentialFeedAPIEndToEndTests */ = {
			isa = PBXNativeTarget;
			buildConfigurationList = 8C6F2C172A2BE54400ED8344 /* Build configuration list for PBXNativeTarget "EssentialFeedAPIEndToEndTests" */;
			buildPhases = (
				8C6F2C0C2A2BE54400ED8344 /* Sources */,
				8C6F2C0D2A2BE54400ED8344 /* Frameworks */,
				8C6F2C0E2A2BE54400ED8344 /* Resources */,
			);
			buildRules = (
			);
			dependencies = (
				8C6F2C162A2BE54400ED8344 /* PBXTargetDependency */,
			);
			name = EssentialFeedAPIEndToEndTests;
			productName = EssentialFeedAPIEndToEndTests;
			productReference = 8C6F2C102A2BE54400ED8344 /* EssentialFeedAPIEndToEndTests.xctest */;
			productType = "com.apple.product-type.bundle.unit-test";
		};
		8CE543FC2A229CCC00C15076 /* EssentialFeed */ = {
			isa = PBXNativeTarget;
			buildConfigurationList = 8CE5440F2A229CCC00C15076 /* Build configuration list for PBXNativeTarget "EssentialFeed" */;
			buildPhases = (
				8CE543F82A229CCC00C15076 /* Headers */,
				8CE543F92A229CCC00C15076 /* Sources */,
				8CE543FA2A229CCC00C15076 /* Frameworks */,
				8CE543FB2A229CCC00C15076 /* Resources */,
			);
			buildRules = (
			);
			dependencies = (
			);
			name = EssentialFeed;
			productName = EssentialFeed;
			productReference = 8CE543FD2A229CCC00C15076 /* EssentialFeed.framework */;
			productType = "com.apple.product-type.framework";
		};
		8CE544042A229CCC00C15076 /* EssentialFeedTests */ = {
			isa = PBXNativeTarget;
			buildConfigurationList = 8CE544122A229CCC00C15076 /* Build configuration list for PBXNativeTarget "EssentialFeedTests" */;
			buildPhases = (
				8CE544012A229CCC00C15076 /* Sources */,
				8CE544022A229CCC00C15076 /* Frameworks */,
				8CE544032A229CCC00C15076 /* Resources */,
			);
			buildRules = (
			);
			dependencies = (
				8CE544082A229CCC00C15076 /* PBXTargetDependency */,
			);
			name = EssentialFeedTests;
			productName = EssentialFeedTests;
			productReference = 8CE544052A229CCC00C15076 /* EssentialFeedTests.xctest */;
			productType = "com.apple.product-type.bundle.unit-test";
		};
/* End PBXNativeTarget section */

/* Begin PBXProject section */
		8CE543F42A229CCC00C15076 /* Project object */ = {
			isa = PBXProject;
			attributes = {
				BuildIndependentTargetsInParallel = 1;
				LastSwiftUpdateCheck = 1430;
				LastUpgradeCheck = 1430;
				TargetAttributes = {
					8C0F8C3B2A4A1A2A00DE1957 = {
						CreatedOnToolsVersion = 14.3.1;
					};
					8C2D76712A6208010040C50D = {
						CreatedOnToolsVersion = 14.3.1;
					};
					8C2D76782A6208010040C50D = {
						CreatedOnToolsVersion = 14.3.1;
					};
					8C6F2C0F2A2BE54400ED8344 = {
						CreatedOnToolsVersion = 14.3;
					};
					8CE543FC2A229CCC00C15076 = {
						CreatedOnToolsVersion = 14.3;
						LastSwiftMigration = 1430;
					};
					8CE544042A229CCC00C15076 = {
						CreatedOnToolsVersion = 14.3;
					};
				};
			};
			buildConfigurationList = 8CE543F72A229CCC00C15076 /* Build configuration list for PBXProject "EssentialFeed" */;
			compatibilityVersion = "Xcode 14.0";
			developmentRegion = en;
			hasScannedForEncodings = 0;
			knownRegions = (
				en,
				Base,
			);
			mainGroup = 8CE543F32A229CCC00C15076;
			productRefGroup = 8CE543FE2A229CCC00C15076 /* Products */;
			projectDirPath = "";
			projectRoot = "";
			targets = (
				8CE543FC2A229CCC00C15076 /* EssentialFeed */,
				8CE544042A229CCC00C15076 /* EssentialFeedTests */,
				8C6F2C0F2A2BE54400ED8344 /* EssentialFeedAPIEndToEndTests */,
				8C0F8C3B2A4A1A2A00DE1957 /* EssentialFeedCacheIntegrationTests */,
				8C2D76712A6208010040C50D /* EssentialFeediOS */,
				8C2D76782A6208010040C50D /* EssentialFeediOSTests */,
			);
		};
/* End PBXProject section */

/* Begin PBXResourcesBuildPhase section */
		8C0F8C3A2A4A1A2A00DE1957 /* Resources */ = {
			isa = PBXResourcesBuildPhase;
			buildActionMask = 2147483647;
			files = (
			);
			runOnlyForDeploymentPostprocessing = 0;
		};
		8C2D76702A6208010040C50D /* Resources */ = {
			isa = PBXResourcesBuildPhase;
			buildActionMask = 2147483647;
			files = (
			);
			runOnlyForDeploymentPostprocessing = 0;
		};
		8C2D76772A6208010040C50D /* Resources */ = {
			isa = PBXResourcesBuildPhase;
			buildActionMask = 2147483647;
			files = (
			);
			runOnlyForDeploymentPostprocessing = 0;
		};
		8C6F2C0E2A2BE54400ED8344 /* Resources */ = {
			isa = PBXResourcesBuildPhase;
			buildActionMask = 2147483647;
			files = (
			);
			runOnlyForDeploymentPostprocessing = 0;
		};
		8CE543FB2A229CCC00C15076 /* Resources */ = {
			isa = PBXResourcesBuildPhase;
			buildActionMask = 2147483647;
			files = (
				8C363A112A3BB76D00A26680 /* feed_architecture.png in Resources */,
				8C363A122A3BB76D00A26680 /* feed_flowchart.png in Resources */,
			);
			runOnlyForDeploymentPostprocessing = 0;
		};
		8CE544032A229CCC00C15076 /* Resources */ = {
			isa = PBXResourcesBuildPhase;
			buildActionMask = 2147483647;
			files = (
			);
			runOnlyForDeploymentPostprocessing = 0;
		};
/* End PBXResourcesBuildPhase section */

/* Begin PBXSourcesBuildPhase section */
		8C0F8C382A4A1A2A00DE1957 /* Sources */ = {
			isa = PBXSourcesBuildPhase;
			buildActionMask = 2147483647;
			files = (
				8CBBBDD72A4B652600B3F46E /* FeedCacheTestHelpers.swift in Sources */,
				8C0F8C3F2A4A1A2A00DE1957 /* EssentialFeedCacheIntegrationTests.swift in Sources */,
				8C0F8C472A4A1D4700DE1957 /* XCTestCase+MemoryLeakTracking.swift in Sources */,
				8CBBBDD12A4B620800B3F46E /* SharedTestHelpers.swift in Sources */,
			);
			runOnlyForDeploymentPostprocessing = 0;
		};
		8C2D766E2A6208010040C50D /* Sources */ = {
			isa = PBXSourcesBuildPhase;
			buildActionMask = 2147483647;
			files = (
			);
			runOnlyForDeploymentPostprocessing = 0;
		};
		8C2D76752A6208010040C50D /* Sources */ = {
			isa = PBXSourcesBuildPhase;
			buildActionMask = 2147483647;
			files = (
			);
			runOnlyForDeploymentPostprocessing = 0;
		};
		8C6F2C0C2A2BE54400ED8344 /* Sources */ = {
			isa = PBXSourcesBuildPhase;
			buildActionMask = 2147483647;
			files = (
				8C363A0B2A3BB16700A26680 /* EssentialFeedAPIEndToEntTests.swift in Sources */,
				8C6F2C1C2A2BF01600ED8344 /* XCTestCase+MemoryLeakTracking.swift in Sources */,
			);
			runOnlyForDeploymentPostprocessing = 0;
		};
		8CE543F92A229CCC00C15076 /* Sources */ = {
			isa = PBXSourcesBuildPhase;
			buildActionMask = 2147483647;
			files = (
				8CC199042A49FE5E00D6ED13 /* ManagedCache.swift in Sources */,
				8C23E6522A262844008EA6A7 /* FeedItemsMapper.swift in Sources */,
				8CE5441A2A229E2300C15076 /* FeedImage.swift in Sources */,
				8CAA56082A3F30DF001B457F /* RemoteFeedItem.swift in Sources */,
				8C0DCBCE2A44678D00B5C504 /* FeedCachePolicy.swift in Sources */,
				8CE544202A22ADD400C15076 /* RemoteFeedLoader.swift in Sources */,
				8CC199022A49FE5E00D6ED13 /* CoreDataHelpers.swift in Sources */,
				8CC199032A49FE5E00D6ED13 /* CoreDataFeedStore.swift in Sources */,
				8CAA560A2A3F3176001B457F /* LocalFeedImage.swift in Sources */,
				8CAA56062A3E5ADB001B457F /* FeedStore.swift in Sources */,
				8CAA56042A3E5A13001B457F /* LocalFeedLoader.swift in Sources */,
				8C23E6502A2627DF008EA6A7 /* HTTPClient.swift in Sources */,
				8CE544182A229D7D00C15076 /* FeedLoader.swift in Sources */,
				8C3C4A3B2A2A78D30019F02F /* URLSessionHTTPClient.swift in Sources */,
				8CC199052A49FE5E00D6ED13 /* FeedStore.xcdatamodeld in Sources */,
				8CC199062A49FE5E00D6ED13 /* ManagedFeedImage.swift in Sources */,
			);
			runOnlyForDeploymentPostprocessing = 0;
		};
		8CE544012A229CCC00C15076 /* Sources */ = {
			isa = PBXSourcesBuildPhase;
			buildActionMask = 2147483647;
			files = (
				8CE544222A22AE0600C15076 /* LoadFeedFromRemoteUseCaseTests.swift in Sources */,
				8CC198F82A49C3B500D6ED13 /* XCTestCase+FailableDeleteFeedStoreSpecs.swift in Sources */,
				8C878C702A4316FF00BED099 /* ValidateFeedCacheUseCaseTests.swift in Sources */,
				8CBFA4A12A432376004AA9D6 /* SharedTestHelpers.swift in Sources */,
				8C3C4A392A2A3B430019F02F /* XCTestCase+MemoryLeakTracking.swift in Sources */,
				8CC198F22A49C31B00D6ED13 /* XCTestCase+FeedStoreSpecs.swift in Sources */,
				8CAA560E2A409B9E001B457F /* FeedStoreSpy.swift in Sources */,
				8CC198F42A49C35E00D6ED13 /* XCTestCase+FailableRetrieveFeedStoreSpecs.swift in Sources */,
				8CAE3EE92A3DF76100F3880D /* CacheFeedUseCaseTests.swift in Sources */,
				8C0252E92A49C02700618078 /* FeedStoreSpecs.swift in Sources */,
				8C23E6552A28A6D2008EA6A7 /* URLSessionHTTClientTests.swift in Sources */,
				8C363A0A2A3BB16400A26680 /* EssentialFeedAPIEndToEntTests.swift in Sources */,
				8CC1990A2A49FF6E00D6ED13 /* CoreDataFeedStoreTests.swift in Sources */,
				8CBFA49F2A4320DC004AA9D6 /* FeedCacheTestHelpers.swift in Sources */,
				8CC198F62A49C37900D6ED13 /* XCTestCase+FailableInsertFeedStoreSpecs.swift in Sources */,
				8CAA560C2A40999C001B457F /* LoadFeedFromCacheUseCaseTests.swift in Sources */,
			);
			runOnlyForDeploymentPostprocessing = 0;
		};
/* End PBXSourcesBuildPhase section */

/* Begin PBXTargetDependency section */
		8C0F8C422A4A1A2A00DE1957 /* PBXTargetDependency */ = {
			isa = PBXTargetDependency;
			target = 8CE543FC2A229CCC00C15076 /* EssentialFeed */;
			targetProxy = 8C0F8C412A4A1A2A00DE1957 /* PBXContainerItemProxy */;
		};
		8C2D767C2A6208010040C50D /* PBXTargetDependency */ = {
			isa = PBXTargetDependency;
			target = 8C2D76712A6208010040C50D /* EssentialFeediOS */;
			targetProxy = 8C2D767B2A6208010040C50D /* PBXContainerItemProxy */;
		};
		8C6F2C162A2BE54400ED8344 /* PBXTargetDependency */ = {
			isa = PBXTargetDependency;
			target = 8CE543FC2A229CCC00C15076 /* EssentialFeed */;
			targetProxy = 8C6F2C152A2BE54400ED8344 /* PBXContainerItemProxy */;
		};
		8CE544082A229CCC00C15076 /* PBXTargetDependency */ = {
			isa = PBXTargetDependency;
			target = 8CE543FC2A229CCC00C15076 /* EssentialFeed */;
			targetProxy = 8CE544072A229CCC00C15076 /* PBXContainerItemProxy */;
		};
/* End PBXTargetDependency section */

/* Begin XCBuildConfiguration section */
		8C0F8C432A4A1A2A00DE1957 /* Debug */ = {
			isa = XCBuildConfiguration;
			buildSettings = {
				CODE_SIGN_STYLE = Automatic;
				CURRENT_PROJECT_VERSION = 1;
				DEVELOPMENT_TEAM = HH3JD7K438;
				GENERATE_INFOPLIST_FILE = YES;
				MARKETING_VERSION = 1.0;
				PRODUCT_BUNDLE_IDENTIFIER = de.app.EssentialFeedCacheIntegrationTests;
				PRODUCT_NAME = "$(TARGET_NAME)";
				SWIFT_EMIT_LOC_STRINGS = NO;
				SWIFT_VERSION = 5.0;
			};
			name = Debug;
		};
		8C0F8C442A4A1A2A00DE1957 /* Release */ = {
			isa = XCBuildConfiguration;
			buildSettings = {
				CODE_SIGN_STYLE = Automatic;
				CURRENT_PROJECT_VERSION = 1;
				DEVELOPMENT_TEAM = HH3JD7K438;
				GENERATE_INFOPLIST_FILE = YES;
				MARKETING_VERSION = 1.0;
				PRODUCT_BUNDLE_IDENTIFIER = de.app.EssentialFeedCacheIntegrationTests;
				PRODUCT_NAME = "$(TARGET_NAME)";
				SWIFT_EMIT_LOC_STRINGS = NO;
				SWIFT_VERSION = 5.0;
			};
			name = Release;
		};
		8C2D76822A6208010040C50D /* Debug */ = {
			isa = XCBuildConfiguration;
			buildSettings = {
				CODE_SIGN_STYLE = Automatic;
				CURRENT_PROJECT_VERSION = 1;
				DEFINES_MODULE = YES;
				DEVELOPMENT_TEAM = HH3JD7K438;
				DYLIB_COMPATIBILITY_VERSION = 1;
				DYLIB_CURRENT_VERSION = 1;
				DYLIB_INSTALL_NAME_BASE = "@rpath";
				ENABLE_MODULE_VERIFIER = YES;
				GENERATE_INFOPLIST_FILE = YES;
				INFOPLIST_KEY_NSHumanReadableCopyright = "";
				INSTALL_PATH = "$(LOCAL_LIBRARY_DIR)/Frameworks";
				IPHONEOS_DEPLOYMENT_TARGET = 16.4;
				LD_RUNPATH_SEARCH_PATHS = (
					"$(inherited)",
					"@executable_path/Frameworks",
					"@loader_path/Frameworks",
				);
				MARKETING_VERSION = 1.0;
				MODULE_VERIFIER_SUPPORTED_LANGUAGES = "objective-c objective-c++";
				MODULE_VERIFIER_SUPPORTED_LANGUAGE_STANDARDS = "gnu11 gnu++20";
				PRODUCT_BUNDLE_IDENTIFIER = de.app.EssentialFeediOS;
				PRODUCT_NAME = "$(TARGET_NAME:c99extidentifier)";
				SDKROOT = iphoneos;
				SKIP_INSTALL = YES;
				SWIFT_EMIT_LOC_STRINGS = YES;
				SWIFT_VERSION = 5.0;
				TARGETED_DEVICE_FAMILY = "1,2";
			};
			name = Debug;
		};
		8C2D76832A6208010040C50D /* Release */ = {
			isa = XCBuildConfiguration;
			buildSettings = {
				CODE_SIGN_STYLE = Automatic;
				CURRENT_PROJECT_VERSION = 1;
				DEFINES_MODULE = YES;
				DEVELOPMENT_TEAM = HH3JD7K438;
				DYLIB_COMPATIBILITY_VERSION = 1;
				DYLIB_CURRENT_VERSION = 1;
				DYLIB_INSTALL_NAME_BASE = "@rpath";
				ENABLE_MODULE_VERIFIER = YES;
				GENERATE_INFOPLIST_FILE = YES;
				INFOPLIST_KEY_NSHumanReadableCopyright = "";
				INSTALL_PATH = "$(LOCAL_LIBRARY_DIR)/Frameworks";
				IPHONEOS_DEPLOYMENT_TARGET = 16.4;
				LD_RUNPATH_SEARCH_PATHS = (
					"$(inherited)",
					"@executable_path/Frameworks",
					"@loader_path/Frameworks",
				);
				MARKETING_VERSION = 1.0;
				MODULE_VERIFIER_SUPPORTED_LANGUAGES = "objective-c objective-c++";
				MODULE_VERIFIER_SUPPORTED_LANGUAGE_STANDARDS = "gnu11 gnu++20";
				PRODUCT_BUNDLE_IDENTIFIER = de.app.EssentialFeediOS;
				PRODUCT_NAME = "$(TARGET_NAME:c99extidentifier)";
				SDKROOT = iphoneos;
				SKIP_INSTALL = YES;
				SWIFT_EMIT_LOC_STRINGS = YES;
				SWIFT_VERSION = 5.0;
				TARGETED_DEVICE_FAMILY = "1,2";
				VALIDATE_PRODUCT = YES;
			};
			name = Release;
		};
		8C2D76852A6208010040C50D /* Debug */ = {
			isa = XCBuildConfiguration;
			buildSettings = {
				CODE_SIGN_STYLE = Automatic;
				CURRENT_PROJECT_VERSION = 1;
				DEVELOPMENT_TEAM = HH3JD7K438;
				GENERATE_INFOPLIST_FILE = YES;
				IPHONEOS_DEPLOYMENT_TARGET = 16.4;
				MARKETING_VERSION = 1.0;
				PRODUCT_BUNDLE_IDENTIFIER = de.app.EssentialFeediOSTests;
				PRODUCT_NAME = "$(TARGET_NAME)";
				SDKROOT = iphoneos;
				SWIFT_EMIT_LOC_STRINGS = NO;
				SWIFT_VERSION = 5.0;
				TARGETED_DEVICE_FAMILY = "1,2";
			};
			name = Debug;
		};
		8C2D76862A6208010040C50D /* Release */ = {
			isa = XCBuildConfiguration;
			buildSettings = {
				CODE_SIGN_STYLE = Automatic;
				CURRENT_PROJECT_VERSION = 1;
				DEVELOPMENT_TEAM = HH3JD7K438;
				GENERATE_INFOPLIST_FILE = YES;
				IPHONEOS_DEPLOYMENT_TARGET = 16.4;
				MARKETING_VERSION = 1.0;
				PRODUCT_BUNDLE_IDENTIFIER = de.app.EssentialFeediOSTests;
				PRODUCT_NAME = "$(TARGET_NAME)";
				SDKROOT = iphoneos;
				SWIFT_EMIT_LOC_STRINGS = NO;
				SWIFT_VERSION = 5.0;
				TARGETED_DEVICE_FAMILY = "1,2";
				VALIDATE_PRODUCT = YES;
			};
			name = Release;
		};
		8C6F2C182A2BE54400ED8344 /* Debug */ = {
			isa = XCBuildConfiguration;
			buildSettings = {
				CODE_SIGN_STYLE = Automatic;
				CURRENT_PROJECT_VERSION = 1;
				DEVELOPMENT_TEAM = HH3JD7K438;
				GENERATE_INFOPLIST_FILE = YES;
				MARKETING_VERSION = 1.0;
				PRODUCT_BUNDLE_IDENTIFIER = de.app.EssentialFeedAPIEndToEndTests;
				PRODUCT_NAME = "$(TARGET_NAME)";
				SUPPORTED_PLATFORMS = "macosx iphonesimulator iphoneos";
				SWIFT_EMIT_LOC_STRINGS = NO;
				SWIFT_VERSION = 5.0;
			};
			name = Debug;
		};
		8C6F2C192A2BE54400ED8344 /* Release */ = {
			isa = XCBuildConfiguration;
			buildSettings = {
				CODE_SIGN_STYLE = Automatic;
				CURRENT_PROJECT_VERSION = 1;
				DEVELOPMENT_TEAM = HH3JD7K438;
				GENERATE_INFOPLIST_FILE = YES;
				MARKETING_VERSION = 1.0;
				PRODUCT_BUNDLE_IDENTIFIER = de.app.EssentialFeedAPIEndToEndTests;
				PRODUCT_NAME = "$(TARGET_NAME)";
				SUPPORTED_PLATFORMS = "macosx iphonesimulator iphoneos";
				SWIFT_EMIT_LOC_STRINGS = NO;
				SWIFT_VERSION = 5.0;
			};
			name = Release;
		};
		8CE5440D2A229CCC00C15076 /* Debug */ = {
			isa = XCBuildConfiguration;
			buildSettings = {
				ALWAYS_SEARCH_USER_PATHS = NO;
				CLANG_ANALYZER_NONNULL = YES;
				CLANG_ANALYZER_NUMBER_OBJECT_CONVERSION = YES_AGGRESSIVE;
				CLANG_CXX_LANGUAGE_STANDARD = "gnu++20";
				CLANG_ENABLE_MODULES = YES;
				CLANG_ENABLE_OBJC_ARC = YES;
				CLANG_ENABLE_OBJC_WEAK = YES;
				CLANG_WARN_BLOCK_CAPTURE_AUTORELEASING = YES;
				CLANG_WARN_BOOL_CONVERSION = YES;
				CLANG_WARN_COMMA = YES;
				CLANG_WARN_CONSTANT_CONVERSION = YES;
				CLANG_WARN_DEPRECATED_OBJC_IMPLEMENTATIONS = YES;
				CLANG_WARN_DIRECT_OBJC_ISA_USAGE = YES_ERROR;
				CLANG_WARN_DOCUMENTATION_COMMENTS = YES;
				CLANG_WARN_EMPTY_BODY = YES;
				CLANG_WARN_ENUM_CONVERSION = YES;
				CLANG_WARN_INFINITE_RECURSION = YES;
				CLANG_WARN_INT_CONVERSION = YES;
				CLANG_WARN_NON_LITERAL_NULL_CONVERSION = YES;
				CLANG_WARN_OBJC_IMPLICIT_RETAIN_SELF = YES;
				CLANG_WARN_OBJC_LITERAL_CONVERSION = YES;
				CLANG_WARN_OBJC_ROOT_CLASS = YES_ERROR;
				CLANG_WARN_QUOTED_INCLUDE_IN_FRAMEWORK_HEADER = YES;
				CLANG_WARN_RANGE_LOOP_ANALYSIS = YES;
				CLANG_WARN_STRICT_PROTOTYPES = YES;
				CLANG_WARN_SUSPICIOUS_MOVE = YES;
				CLANG_WARN_UNGUARDED_AVAILABILITY = YES_AGGRESSIVE;
				CLANG_WARN_UNREACHABLE_CODE = YES;
				CLANG_WARN__DUPLICATE_METHOD_MATCH = YES;
				COPY_PHASE_STRIP = NO;
				CURRENT_PROJECT_VERSION = 1;
				DEBUG_INFORMATION_FORMAT = dwarf;
				ENABLE_STRICT_OBJC_MSGSEND = YES;
				ENABLE_TESTABILITY = YES;
				GCC_C_LANGUAGE_STANDARD = gnu11;
				GCC_DYNAMIC_NO_PIC = NO;
				GCC_NO_COMMON_BLOCKS = YES;
				GCC_OPTIMIZATION_LEVEL = 0;
				GCC_PREPROCESSOR_DEFINITIONS = (
					"DEBUG=1",
					"$(inherited)",
				);
				GCC_WARN_64_TO_32_BIT_CONVERSION = YES;
				GCC_WARN_ABOUT_RETURN_TYPE = YES_ERROR;
				GCC_WARN_UNDECLARED_SELECTOR = YES;
				GCC_WARN_UNINITIALIZED_AUTOS = YES_AGGRESSIVE;
				GCC_WARN_UNUSED_FUNCTION = YES;
				GCC_WARN_UNUSED_VARIABLE = YES;
				MACOSX_DEPLOYMENT_TARGET = 13.3;
				MTL_ENABLE_DEBUG_INFO = INCLUDE_SOURCE;
				MTL_FAST_MATH = YES;
				ONLY_ACTIVE_ARCH = YES;
				SDKROOT = macosx;
				SWIFT_ACTIVE_COMPILATION_CONDITIONS = DEBUG;
				SWIFT_OPTIMIZATION_LEVEL = "-Onone";
				VERSIONING_SYSTEM = "apple-generic";
				VERSION_INFO_PREFIX = "";
			};
			name = Debug;
		};
		8CE5440E2A229CCC00C15076 /* Release */ = {
			isa = XCBuildConfiguration;
			buildSettings = {
				ALWAYS_SEARCH_USER_PATHS = NO;
				CLANG_ANALYZER_NONNULL = YES;
				CLANG_ANALYZER_NUMBER_OBJECT_CONVERSION = YES_AGGRESSIVE;
				CLANG_CXX_LANGUAGE_STANDARD = "gnu++20";
				CLANG_ENABLE_MODULES = YES;
				CLANG_ENABLE_OBJC_ARC = YES;
				CLANG_ENABLE_OBJC_WEAK = YES;
				CLANG_WARN_BLOCK_CAPTURE_AUTORELEASING = YES;
				CLANG_WARN_BOOL_CONVERSION = YES;
				CLANG_WARN_COMMA = YES;
				CLANG_WARN_CONSTANT_CONVERSION = YES;
				CLANG_WARN_DEPRECATED_OBJC_IMPLEMENTATIONS = YES;
				CLANG_WARN_DIRECT_OBJC_ISA_USAGE = YES_ERROR;
				CLANG_WARN_DOCUMENTATION_COMMENTS = YES;
				CLANG_WARN_EMPTY_BODY = YES;
				CLANG_WARN_ENUM_CONVERSION = YES;
				CLANG_WARN_INFINITE_RECURSION = YES;
				CLANG_WARN_INT_CONVERSION = YES;
				CLANG_WARN_NON_LITERAL_NULL_CONVERSION = YES;
				CLANG_WARN_OBJC_IMPLICIT_RETAIN_SELF = YES;
				CLANG_WARN_OBJC_LITERAL_CONVERSION = YES;
				CLANG_WARN_OBJC_ROOT_CLASS = YES_ERROR;
				CLANG_WARN_QUOTED_INCLUDE_IN_FRAMEWORK_HEADER = YES;
				CLANG_WARN_RANGE_LOOP_ANALYSIS = YES;
				CLANG_WARN_STRICT_PROTOTYPES = YES;
				CLANG_WARN_SUSPICIOUS_MOVE = YES;
				CLANG_WARN_UNGUARDED_AVAILABILITY = YES_AGGRESSIVE;
				CLANG_WARN_UNREACHABLE_CODE = YES;
				CLANG_WARN__DUPLICATE_METHOD_MATCH = YES;
				COPY_PHASE_STRIP = NO;
				CURRENT_PROJECT_VERSION = 1;
				DEBUG_INFORMATION_FORMAT = "dwarf-with-dsym";
				ENABLE_NS_ASSERTIONS = NO;
				ENABLE_STRICT_OBJC_MSGSEND = YES;
				GCC_C_LANGUAGE_STANDARD = gnu11;
				GCC_NO_COMMON_BLOCKS = YES;
				GCC_WARN_64_TO_32_BIT_CONVERSION = YES;
				GCC_WARN_ABOUT_RETURN_TYPE = YES_ERROR;
				GCC_WARN_UNDECLARED_SELECTOR = YES;
				GCC_WARN_UNINITIALIZED_AUTOS = YES_AGGRESSIVE;
				GCC_WARN_UNUSED_FUNCTION = YES;
				GCC_WARN_UNUSED_VARIABLE = YES;
				MACOSX_DEPLOYMENT_TARGET = 13.3;
				MTL_ENABLE_DEBUG_INFO = NO;
				MTL_FAST_MATH = YES;
				SDKROOT = macosx;
				SWIFT_COMPILATION_MODE = wholemodule;
				SWIFT_OPTIMIZATION_LEVEL = "-O";
				VERSIONING_SYSTEM = "apple-generic";
				VERSION_INFO_PREFIX = "";
			};
			name = Release;
		};
		8CE544102A229CCC00C15076 /* Debug */ = {
			isa = XCBuildConfiguration;
			buildSettings = {
				CLANG_ENABLE_MODULES = YES;
				CODE_SIGN_STYLE = Automatic;
				COMBINE_HIDPI_IMAGES = YES;
				CURRENT_PROJECT_VERSION = 1;
				DEFINES_MODULE = YES;
				DEVELOPMENT_TEAM = HH3JD7K438;
				DYLIB_COMPATIBILITY_VERSION = 1;
				DYLIB_CURRENT_VERSION = 1;
				DYLIB_INSTALL_NAME_BASE = "@rpath";
				ENABLE_MODULE_VERIFIER = YES;
				GENERATE_INFOPLIST_FILE = YES;
				INFOPLIST_KEY_NSHumanReadableCopyright = "";
				INSTALL_PATH = "$(LOCAL_LIBRARY_DIR)/Frameworks";
				LD_RUNPATH_SEARCH_PATHS = (
					"$(inherited)",
					"@executable_path/../Frameworks",
					"@loader_path/Frameworks",
				);
				MARKETING_VERSION = 1.0;
				MODULE_VERIFIER_SUPPORTED_LANGUAGES = "objective-c objective-c++";
				MODULE_VERIFIER_SUPPORTED_LANGUAGE_STANDARDS = "gnu11 gnu++20";
				PRODUCT_BUNDLE_IDENTIFIER = de.app.EssentialFeed;
				PRODUCT_NAME = "$(TARGET_NAME:c99extidentifier)";
				SKIP_INSTALL = YES;
				SUPPORTED_PLATFORMS = "macosx iphonesimulator iphoneos";
				SWIFT_EMIT_LOC_STRINGS = YES;
				SWIFT_OPTIMIZATION_LEVEL = "-Onone";
				SWIFT_VERSION = 5.0;
			};
			name = Debug;
		};
		8CE544112A229CCC00C15076 /* Release */ = {
			isa = XCBuildConfiguration;
			buildSettings = {
				CLANG_ENABLE_MODULES = YES;
				CODE_SIGN_STYLE = Automatic;
				COMBINE_HIDPI_IMAGES = YES;
				CURRENT_PROJECT_VERSION = 1;
				DEFINES_MODULE = YES;
				DEVELOPMENT_TEAM = HH3JD7K438;
				DYLIB_COMPATIBILITY_VERSION = 1;
				DYLIB_CURRENT_VERSION = 1;
				DYLIB_INSTALL_NAME_BASE = "@rpath";
				ENABLE_MODULE_VERIFIER = YES;
				GENERATE_INFOPLIST_FILE = YES;
				INFOPLIST_KEY_NSHumanReadableCopyright = "";
				INSTALL_PATH = "$(LOCAL_LIBRARY_DIR)/Frameworks";
				LD_RUNPATH_SEARCH_PATHS = (
					"$(inherited)",
					"@executable_path/../Frameworks",
					"@loader_path/Frameworks",
				);
				MARKETING_VERSION = 1.0;
				MODULE_VERIFIER_SUPPORTED_LANGUAGES = "objective-c objective-c++";
				MODULE_VERIFIER_SUPPORTED_LANGUAGE_STANDARDS = "gnu11 gnu++20";
				PRODUCT_BUNDLE_IDENTIFIER = de.app.EssentialFeed;
				PRODUCT_NAME = "$(TARGET_NAME:c99extidentifier)";
				SKIP_INSTALL = YES;
				SUPPORTED_PLATFORMS = "macosx iphonesimulator iphoneos";
				SWIFT_EMIT_LOC_STRINGS = YES;
				SWIFT_VERSION = 5.0;
			};
			name = Release;
		};
		8CE544132A229CCC00C15076 /* Debug */ = {
			isa = XCBuildConfiguration;
			buildSettings = {
				ALWAYS_EMBED_SWIFT_STANDARD_LIBRARIES = YES;
				CODE_SIGN_STYLE = Automatic;
				CURRENT_PROJECT_VERSION = 1;
				DEVELOPMENT_TEAM = HH3JD7K438;
				GENERATE_INFOPLIST_FILE = YES;
				MARKETING_VERSION = 1.0;
				PRODUCT_BUNDLE_IDENTIFIER = de.app.EssentialFeedTests;
				PRODUCT_NAME = "$(TARGET_NAME)";
				SUPPORTED_PLATFORMS = "macosx iphonesimulator iphoneos";
				SWIFT_EMIT_LOC_STRINGS = NO;
				SWIFT_VERSION = 5.0;
			};
			name = Debug;
		};
		8CE544142A229CCC00C15076 /* Release */ = {
			isa = XCBuildConfiguration;
			buildSettings = {
				ALWAYS_EMBED_SWIFT_STANDARD_LIBRARIES = YES;
				CODE_SIGN_STYLE = Automatic;
				CURRENT_PROJECT_VERSION = 1;
				DEVELOPMENT_TEAM = HH3JD7K438;
				GENERATE_INFOPLIST_FILE = YES;
				MARKETING_VERSION = 1.0;
				PRODUCT_BUNDLE_IDENTIFIER = de.app.EssentialFeedTests;
				PRODUCT_NAME = "$(TARGET_NAME)";
				SUPPORTED_PLATFORMS = "macosx iphonesimulator iphoneos";
				SWIFT_EMIT_LOC_STRINGS = NO;
				SWIFT_VERSION = 5.0;
			};
			name = Release;
		};
/* End XCBuildConfiguration section */

/* Begin XCConfigurationList section */
		8C0F8C452A4A1A2A00DE1957 /* Build configuration list for PBXNativeTarget "EssentialFeedCacheIntegrationTests" */ = {
			isa = XCConfigurationList;
			buildConfigurations = (
				8C0F8C432A4A1A2A00DE1957 /* Debug */,
				8C0F8C442A4A1A2A00DE1957 /* Release */,
			);
			defaultConfigurationIsVisible = 0;
			defaultConfigurationName = Release;
		};
		8C2D76812A6208010040C50D /* Build configuration list for PBXNativeTarget "EssentialFeediOS" */ = {
			isa = XCConfigurationList;
			buildConfigurations = (
				8C2D76822A6208010040C50D /* Debug */,
				8C2D76832A6208010040C50D /* Release */,
			);
			defaultConfigurationIsVisible = 0;
			defaultConfigurationName = Release;
		};
		8C2D76842A6208010040C50D /* Build configuration list for PBXNativeTarget "EssentialFeediOSTests" */ = {
			isa = XCConfigurationList;
			buildConfigurations = (
				8C2D76852A6208010040C50D /* Debug */,
				8C2D76862A6208010040C50D /* Release */,
			);
			defaultConfigurationIsVisible = 0;
			defaultConfigurationName = Release;
		};
		8C6F2C172A2BE54400ED8344 /* Build configuration list for PBXNativeTarget "EssentialFeedAPIEndToEndTests" */ = {
			isa = XCConfigurationList;
			buildConfigurations = (
				8C6F2C182A2BE54400ED8344 /* Debug */,
				8C6F2C192A2BE54400ED8344 /* Release */,
			);
			defaultConfigurationIsVisible = 0;
			defaultConfigurationName = Release;
		};
		8CE543F72A229CCC00C15076 /* Build configuration list for PBXProject "EssentialFeed" */ = {
			isa = XCConfigurationList;
			buildConfigurations = (
				8CE5440D2A229CCC00C15076 /* Debug */,
				8CE5440E2A229CCC00C15076 /* Release */,
			);
			defaultConfigurationIsVisible = 0;
			defaultConfigurationName = Release;
		};
		8CE5440F2A229CCC00C15076 /* Build configuration list for PBXNativeTarget "EssentialFeed" */ = {
			isa = XCConfigurationList;
			buildConfigurations = (
				8CE544102A229CCC00C15076 /* Debug */,
				8CE544112A229CCC00C15076 /* Release */,
			);
			defaultConfigurationIsVisible = 0;
			defaultConfigurationName = Release;
		};
		8CE544122A229CCC00C15076 /* Build configuration list for PBXNativeTarget "EssentialFeedTests" */ = {
			isa = XCConfigurationList;
			buildConfigurations = (
				8CE544132A229CCC00C15076 /* Debug */,
				8CE544142A229CCC00C15076 /* Release */,
			);
			defaultConfigurationIsVisible = 0;
			defaultConfigurationName = Release;
		};
/* End XCConfigurationList section */

/* Begin XCVersionGroup section */
		8CC198FF2A49FE5E00D6ED13 /* FeedStore.xcdatamodeld */ = {
			isa = XCVersionGroup;
			children = (
				8CC199002A49FE5E00D6ED13 /* FeedStore.xcdatamodel */,
			);
			currentVersion = 8CC199002A49FE5E00D6ED13 /* FeedStore.xcdatamodel */;
			path = FeedStore.xcdatamodeld;
			sourceTree = "<group>";
			versionGroupType = wrapper.xcdatamodel;
		};
/* End XCVersionGroup section */
	};
	rootObject = 8CE543F42A229CCC00C15076 /* Project object */;
}
