// !$*UTF8*$!
{
	archiveVersion = 1;
	classes = {
	};
	objectVersion = 56;
	objects = {

/* Begin PBXBuildFile section */
		8C23E6502A2627DF008EA6A7 /* HTTPClient.swift in Sources */ = {isa = PBXBuildFile; fileRef = 8C23E64F2A2627DF008EA6A7 /* HTTPClient.swift */; };
		8C23E6522A262844008EA6A7 /* FeedItemsMapper.swift in Sources */ = {isa = PBXBuildFile; fileRef = 8C23E6512A262844008EA6A7 /* FeedItemsMapper.swift */; };
		8C23E6552A28A6D2008EA6A7 /* URLSessionHTTClientTests.swift in Sources */ = {isa = PBXBuildFile; fileRef = 8C23E6542A28A6D2008EA6A7 /* URLSessionHTTClientTests.swift */; };
		8C363A0A2A3BB16400A26680 /* EssentialFeedAPIEndToEntTests.swift in Sources */ = {isa = PBXBuildFile; fileRef = 8C6F2C1E2A2BF30200ED8344 /* EssentialFeedAPIEndToEntTests.swift */; };
		8C363A0B2A3BB16700A26680 /* EssentialFeedAPIEndToEntTests.swift in Sources */ = {isa = PBXBuildFile; fileRef = 8C6F2C1E2A2BF30200ED8344 /* EssentialFeedAPIEndToEntTests.swift */; };
		8C3C4A392A2A3B430019F02F /* XCTestCase+MemoryLeakTracking.swift in Sources */ = {isa = PBXBuildFile; fileRef = 8C3C4A382A2A3B430019F02F /* XCTestCase+MemoryLeakTracking.swift */; };
		8C3C4A3B2A2A78D30019F02F /* URLSessionHTTPClient.swift in Sources */ = {isa = PBXBuildFile; fileRef = 8C3C4A3A2A2A78D30019F02F /* URLSessionHTTPClient.swift */; };
		8C6F2C142A2BE54400ED8344 /* EssentialFeed.framework in Frameworks */ = {isa = PBXBuildFile; fileRef = 8CE543FD2A229CCC00C15076 /* EssentialFeed.framework */; };
		8C6F2C1C2A2BF01600ED8344 /* XCTestCase+MemoryLeakTracking.swift in Sources */ = {isa = PBXBuildFile; fileRef = 8C3C4A382A2A3B430019F02F /* XCTestCase+MemoryLeakTracking.swift */; };
		8CE544062A229CCC00C15076 /* EssentialFeed.framework in Frameworks */ = {isa = PBXBuildFile; fileRef = 8CE543FD2A229CCC00C15076 /* EssentialFeed.framework */; };
		8CE5440B2A229CCC00C15076 /* EssentialFeedTests.swift in Sources */ = {isa = PBXBuildFile; fileRef = 8CE5440A2A229CCC00C15076 /* EssentialFeedTests.swift */; };
		8CE5440C2A229CCC00C15076 /* EssentialFeed.h in Headers */ = {isa = PBXBuildFile; fileRef = 8CE544002A229CCC00C15076 /* EssentialFeed.h */; settings = {ATTRIBUTES = (Public, ); }; };
		8CE544182A229D7D00C15076 /* FeedLoader.swift in Sources */ = {isa = PBXBuildFile; fileRef = 8CE544172A229D7D00C15076 /* FeedLoader.swift */; };
		8CE5441A2A229E2300C15076 /* FeedItem.swift in Sources */ = {isa = PBXBuildFile; fileRef = 8CE544192A229E2300C15076 /* FeedItem.swift */; };
		8CE544202A22ADD400C15076 /* RemoteFeedLoader.swift in Sources */ = {isa = PBXBuildFile; fileRef = 8CE5441F2A22ADD400C15076 /* RemoteFeedLoader.swift */; };
		8CE544222A22AE0600C15076 /* LoadFeedFromRemoteUseCaseTests.swift in Sources */ = {isa = PBXBuildFile; fileRef = 8CE5441C2A22A09C00C15076 /* LoadFeedFromRemoteUseCaseTests.swift */; };
/* End PBXBuildFile section */

/* Begin PBXContainerItemProxy section */
		8C6F2C152A2BE54400ED8344 /* PBXContainerItemProxy */ = {
			isa = PBXContainerItemProxy;
			containerPortal = 8CE543F42A229CCC00C15076 /* Project object */;
			proxyType = 1;
			remoteGlobalIDString = 8CE543FC2A229CCC00C15076;
			remoteInfo = EssentialFeed;
		};
		8CE544072A229CCC00C15076 /* PBXContainerItemProxy */ = {
			isa = PBXContainerItemProxy;
			containerPortal = 8CE543F42A229CCC00C15076 /* Project object */;
			proxyType = 1;
			remoteGlobalIDString = 8CE543FC2A229CCC00C15076;
			remoteInfo = EssentialFeed;
		};
/* End PBXContainerItemProxy section */

/* Begin PBXFileReference section */
		8C23E64F2A2627DF008EA6A7 /* HTTPClient.swift */ = {isa = PBXFileReference; lastKnownFileType = sourcecode.swift; path = HTTPClient.swift; sourceTree = "<group>"; };
		8C23E6512A262844008EA6A7 /* FeedItemsMapper.swift */ = {isa = PBXFileReference; lastKnownFileType = sourcecode.swift; path = FeedItemsMapper.swift; sourceTree = "<group>"; };
		8C23E6542A28A6D2008EA6A7 /* URLSessionHTTClientTests.swift */ = {isa = PBXFileReference; lastKnownFileType = sourcecode.swift; path = URLSessionHTTClientTests.swift; sourceTree = "<group>"; };
		8C3C4A382A2A3B430019F02F /* XCTestCase+MemoryLeakTracking.swift */ = {isa = PBXFileReference; lastKnownFileType = sourcecode.swift; path = "XCTestCase+MemoryLeakTracking.swift"; sourceTree = "<group>"; };
		8C3C4A3A2A2A78D30019F02F /* URLSessionHTTPClient.swift */ = {isa = PBXFileReference; lastKnownFileType = sourcecode.swift; path = URLSessionHTTPClient.swift; sourceTree = "<group>"; };
		8C6F2C0B2A2BE3A400ED8344 /* EssentialFeed.xctestplan */ = {isa = PBXFileReference; lastKnownFileType = text; path = EssentialFeed.xctestplan; sourceTree = "<group>"; };
		8C6F2C102A2BE54400ED8344 /* EssentialFeedAPIEndToEndTests.xctest */ = {isa = PBXFileReference; explicitFileType = wrapper.cfbundle; includeInIndex = 0; path = EssentialFeedAPIEndToEndTests.xctest; sourceTree = BUILT_PRODUCTS_DIR; };
		8C6F2C1E2A2BF30200ED8344 /* EssentialFeedAPIEndToEntTests.swift */ = {isa = PBXFileReference; lastKnownFileType = sourcecode.swift; name = EssentialFeedAPIEndToEntTests.swift; path = EssentialFeedTests/EssentialFeedAPIEndToEndTests/EssentialFeedAPIEndToEntTests.swift; sourceTree = SOURCE_ROOT; };
		8C6F2C202A2BF38700ED8344 /* CI.xctestplan */ = {isa = PBXFileReference; lastKnownFileType = text; path = CI.xctestplan; sourceTree = SOURCE_ROOT; };
		8CE543FD2A229CCC00C15076 /* EssentialFeed.framework */ = {isa = PBXFileReference; explicitFileType = wrapper.framework; includeInIndex = 0; path = EssentialFeed.framework; sourceTree = BUILT_PRODUCTS_DIR; };
		8CE544002A229CCC00C15076 /* EssentialFeed.h */ = {isa = PBXFileReference; lastKnownFileType = sourcecode.c.h; path = EssentialFeed.h; sourceTree = "<group>"; };
		8CE544052A229CCC00C15076 /* EssentialFeedTests.xctest */ = {isa = PBXFileReference; explicitFileType = wrapper.cfbundle; includeInIndex = 0; path = EssentialFeedTests.xctest; sourceTree = BUILT_PRODUCTS_DIR; };
		8CE5440A2A229CCC00C15076 /* EssentialFeedTests.swift */ = {isa = PBXFileReference; lastKnownFileType = sourcecode.swift; path = EssentialFeedTests.swift; sourceTree = "<group>"; };
		8CE544172A229D7D00C15076 /* FeedLoader.swift */ = {isa = PBXFileReference; lastKnownFileType = sourcecode.swift; path = FeedLoader.swift; sourceTree = "<group>"; };
		8CE544192A229E2300C15076 /* FeedItem.swift */ = {isa = PBXFileReference; lastKnownFileType = sourcecode.swift; path = FeedItem.swift; sourceTree = "<group>"; };
		8CE5441C2A22A09C00C15076 /* LoadFeedFromRemoteUseCaseTests.swift */ = {isa = PBXFileReference; lastKnownFileType = sourcecode.swift; path = LoadFeedFromRemoteUseCaseTests.swift; sourceTree = "<group>"; };
		8CE5441F2A22ADD400C15076 /* RemoteFeedLoader.swift */ = {isa = PBXFileReference; lastKnownFileType = sourcecode.swift; path = RemoteFeedLoader.swift; sourceTree = "<group>"; };
/* End PBXFileReference section */

/* Begin PBXFrameworksBuildPhase section */
		8C6F2C0D2A2BE54400ED8344 /* Frameworks */ = {
			isa = PBXFrameworksBuildPhase;
			buildActionMask = 2147483647;
			files = (
				8C6F2C142A2BE54400ED8344 /* EssentialFeed.framework in Frameworks */,
			);
			runOnlyForDeploymentPostprocessing = 0;
		};
		8CE543FA2A229CCC00C15076 /* Frameworks */ = {
			isa = PBXFrameworksBuildPhase;
			buildActionMask = 2147483647;
			files = (
			);
			runOnlyForDeploymentPostprocessing = 0;
		};
		8CE544022A229CCC00C15076 /* Frameworks */ = {
			isa = PBXFrameworksBuildPhase;
			buildActionMask = 2147483647;
			files = (
				8CE544062A229CCC00C15076 /* EssentialFeed.framework in Frameworks */,
			);
			runOnlyForDeploymentPostprocessing = 0;
		};
/* End PBXFrameworksBuildPhase section */

/* Begin PBXGroup section */
		8C23E6532A2632C9008EA6A7 /* Feed API */ = {
			isa = PBXGroup;
			children = (
				8C3C4A372A2A3B190019F02F /* helpers */,
				8CE5441C2A22A09C00C15076 /* LoadFeedFromRemoteUseCaseTests.swift */,
				8C23E6542A28A6D2008EA6A7 /* URLSessionHTTClientTests.swift */,
			);
			path = "Feed API";
			sourceTree = "<group>";
		};
		8C363A072A3BB11400A26680 /* EssentialFeedAPIEndToEndTests */ = {
			isa = PBXGroup;
			children = (
				8C6F2C1E2A2BF30200ED8344 /* EssentialFeedAPIEndToEntTests.swift */,
			);
			path = EssentialFeedAPIEndToEndTests;
			sourceTree = "<group>";
		};
		8C3C4A372A2A3B190019F02F /* helpers */ = {
			isa = PBXGroup;
			children = (
				8C3C4A382A2A3B430019F02F /* XCTestCase+MemoryLeakTracking.swift */,
			);
			path = helpers;
			sourceTree = "<group>";
		};
		8CE543F32A229CCC00C15076 = {
			isa = PBXGroup;
			children = (
				8C6F2C202A2BF38700ED8344 /* CI.xctestplan */,
				8C6F2C0B2A2BE3A400ED8344 /* EssentialFeed.xctestplan */,
				8CE5441B2A229E5F00C15076 /* Feed Feature */,
				8CE543FF2A229CCC00C15076 /* EssentialFeed */,
				8CE544092A229CCC00C15076 /* EssentialFeedTests */,
				8CE543FE2A229CCC00C15076 /* Products */,
			);
			sourceTree = "<group>";
		};
		8CE543FE2A229CCC00C15076 /* Products */ = {
			isa = PBXGroup;
			children = (
				8CE543FD2A229CCC00C15076 /* EssentialFeed.framework */,
				8CE544052A229CCC00C15076 /* EssentialFeedTests.xctest */,
				8C6F2C102A2BE54400ED8344 /* EssentialFeedAPIEndToEndTests.xctest */,
			);
			name = Products;
			sourceTree = "<group>";
		};
		8CE543FF2A229CCC00C15076 /* EssentialFeed */ = {
			isa = PBXGroup;
			children = (
				8CE5441E2A22ADB000C15076 /* Feed API */,
				8CE544002A229CCC00C15076 /* EssentialFeed.h */,
			);
			path = EssentialFeed;
			sourceTree = "<group>";
		};
		8CE544092A229CCC00C15076 /* EssentialFeedTests */ = {
			isa = PBXGroup;
			children = (
				8C23E6532A2632C9008EA6A7 /* Feed API */,
				8CE5440A2A229CCC00C15076 /* EssentialFeedTests.swift */,
				8C363A072A3BB11400A26680 /* EssentialFeedAPIEndToEndTests */,
			);
			path = EssentialFeedTests;
			sourceTree = "<group>";
		};
		8CE5441B2A229E5F00C15076 /* Feed Feature */ = {
			isa = PBXGroup;
			children = (
				8CE544192A229E2300C15076 /* FeedItem.swift */,
				8CE544172A229D7D00C15076 /* FeedLoader.swift */,
			);
			path = "Feed Feature";
			sourceTree = "<group>";
		};
		8CE5441E2A22ADB000C15076 /* Feed API */ = {
			isa = PBXGroup;
			children = (
				8CE5441F2A22ADD400C15076 /* RemoteFeedLoader.swift */,
				8C23E64F2A2627DF008EA6A7 /* HTTPClient.swift */,
				8C23E6512A262844008EA6A7 /* FeedItemsMapper.swift */,
				8C3C4A3A2A2A78D30019F02F /* URLSessionHTTPClient.swift */,
			);
			path = "Feed API";
			sourceTree = "<group>";
		};
/* End PBXGroup section */

/* Begin PBXHeadersBuildPhase section */
		8CE543F82A229CCC00C15076 /* Headers */ = {
			isa = PBXHeadersBuildPhase;
			buildActionMask = 2147483647;
			files = (
				8CE5440C2A229CCC00C15076 /* EssentialFeed.h in Headers */,
			);
			runOnlyForDeploymentPostprocessing = 0;
		};
/* End PBXHeadersBuildPhase section */

/* Begin PBXNativeTarget section */
		8C6F2C0F2A2BE54400ED8344 /* EssentialFeedAPIEndToEndTests */ = {
			isa = PBXNativeTarget;
			buildConfigurationList = 8C6F2C172A2BE54400ED8344 /* Build configuration list for PBXNativeTarget "EssentialFeedAPIEndToEndTests" */;
			buildPhases = (
				8C6F2C0C2A2BE54400ED8344 /* Sources */,
				8C6F2C0D2A2BE54400ED8344 /* Frameworks */,
				8C6F2C0E2A2BE54400ED8344 /* Resources */,
			);
			buildRules = (
			);
			dependencies = (
				8C6F2C162A2BE54400ED8344 /* PBXTargetDependency */,
			);
			name = EssentialFeedAPIEndToEndTests;
			productName = EssentialFeedAPIEndToEndTests;
			productReference = 8C6F2C102A2BE54400ED8344 /* EssentialFeedAPIEndToEndTests.xctest */;
			productType = "com.apple.product-type.bundle.unit-test";
		};
		8CE543FC2A229CCC00C15076 /* EssentialFeed */ = {
			isa = PBXNativeTarget;
			buildConfigurationList = 8CE5440F2A229CCC00C15076 /* Build configuration list for PBXNativeTarget "EssentialFeed" */;
			buildPhases = (
				8CE543F82A229CCC00C15076 /* Headers */,
				8CE543F92A229CCC00C15076 /* Sources */,
				8CE543FA2A229CCC00C15076 /* Frameworks */,
				8CE543FB2A229CCC00C15076 /* Resources */,
			);
			buildRules = (
			);
			dependencies = (
			);
			name = EssentialFeed;
			productName = EssentialFeed;
			productReference = 8CE543FD2A229CCC00C15076 /* EssentialFeed.framework */;
			productType = "com.apple.product-type.framework";
		};
		8CE544042A229CCC00C15076 /* EssentialFeedTests */ = {
			isa = PBXNativeTarget;
			buildConfigurationList = 8CE544122A229CCC00C15076 /* Build configuration list for PBXNativeTarget "EssentialFeedTests" */;
			buildPhases = (
				8CE544012A229CCC00C15076 /* Sources */,
				8CE544022A229CCC00C15076 /* Frameworks */,
				8CE544032A229CCC00C15076 /* Resources */,
			);
			buildRules = (
			);
			dependencies = (
				8CE544082A229CCC00C15076 /* PBXTargetDependency */,
			);
			name = EssentialFeedTests;
			productName = EssentialFeedTests;
			productReference = 8CE544052A229CCC00C15076 /* EssentialFeedTests.xctest */;
			productType = "com.apple.product-type.bundle.unit-test";
		};
/* End PBXNativeTarget section */

/* Begin PBXProject section */
		8CE543F42A229CCC00C15076 /* Project object */ = {
			isa = PBXProject;
			attributes = {
				BuildIndependentTargetsInParallel = 1;
				LastSwiftUpdateCheck = 1430;
				LastUpgradeCheck = 1430;
				TargetAttributes = {
					8C6F2C0F2A2BE54400ED8344 = {
						CreatedOnToolsVersion = 14.3;
					};
					8CE543FC2A229CCC00C15076 = {
						CreatedOnToolsVersion = 14.3;
						LastSwiftMigration = 1430;
					};
					8CE544042A229CCC00C15076 = {
						CreatedOnToolsVersion = 14.3;
					};
				};
			};
			buildConfigurationList = 8CE543F72A229CCC00C15076 /* Build configuration list for PBXProject "EssentialFeed" */;
			compatibilityVersion = "Xcode 14.0";
			developmentRegion = en;
			hasScannedForEncodings = 0;
			knownRegions = (
				en,
				Base,
			);
			mainGroup = 8CE543F32A229CCC00C15076;
			productRefGroup = 8CE543FE2A229CCC00C15076 /* Products */;
			projectDirPath = "";
			projectRoot = "";
			targets = (
				8CE543FC2A229CCC00C15076 /* EssentialFeed */,
				8CE544042A229CCC00C15076 /* EssentialFeedTests */,
				8C6F2C0F2A2BE54400ED8344 /* EssentialFeedAPIEndToEndTests */,
			);
		};
/* End PBXProject section */

/* Begin PBXResourcesBuildPhase section */
		8C6F2C0E2A2BE54400ED8344 /* Resources */ = {
			isa = PBXResourcesBuildPhase;
			buildActionMask = 2147483647;
			files = (
			);
			runOnlyForDeploymentPostprocessing = 0;
		};
		8CE543FB2A229CCC00C15076 /* Resources */ = {
			isa = PBXResourcesBuildPhase;
			buildActionMask = 2147483647;
			files = (
			);
			runOnlyForDeploymentPostprocessing = 0;
		};
		8CE544032A229CCC00C15076 /* Resources */ = {
			isa = PBXResourcesBuildPhase;
			buildActionMask = 2147483647;
			files = (
			);
			runOnlyForDeploymentPostprocessing = 0;
		};
/* End PBXResourcesBuildPhase section */

/* Begin PBXSourcesBuildPhase section */
		8C6F2C0C2A2BE54400ED8344 /* Sources */ = {
			isa = PBXSourcesBuildPhase;
			buildActionMask = 2147483647;
			files = (
				8C363A0B2A3BB16700A26680 /* EssentialFeedAPIEndToEntTests.swift in Sources */,
				8C6F2C1C2A2BF01600ED8344 /* XCTestCase+MemoryLeakTracking.swift in Sources */,
			);
			runOnlyForDeploymentPostprocessing = 0;
		};
		8CE543F92A229CCC00C15076 /* Sources */ = {
			isa = PBXSourcesBuildPhase;
			buildActionMask = 2147483647;
			files = (
				8C23E6522A262844008EA6A7 /* FeedItemsMapper.swift in Sources */,
				8CE5441A2A229E2300C15076 /* FeedItem.swift in Sources */,
				8CE544202A22ADD400C15076 /* RemoteFeedLoader.swift in Sources */,
				8C23E6502A2627DF008EA6A7 /* HTTPClient.swift in Sources */,
				8CE544182A229D7D00C15076 /* FeedLoader.swift in Sources */,
				8C3C4A3B2A2A78D30019F02F /* URLSessionHTTPClient.swift in Sources */,
			);
			runOnlyForDeploymentPostprocessing = 0;
		};
		8CE544012A229CCC00C15076 /* Sources */ = {
			isa = PBXSourcesBuildPhase;
			buildActionMask = 2147483647;
			files = (
				8CE544222A22AE0600C15076 /* LoadFeedFromRemoteUseCaseTests.swift in Sources */,
				8C3C4A392A2A3B430019F02F /* XCTestCase+MemoryLeakTracking.swift in Sources */,
				8C23E6552A28A6D2008EA6A7 /* URLSessionHTTClientTests.swift in Sources */,
				8C363A0A2A3BB16400A26680 /* EssentialFeedAPIEndToEntTests.swift in Sources */,
				8CE5440B2A229CCC00C15076 /* EssentialFeedTests.swift in Sources */,
			);
			runOnlyForDeploymentPostprocessing = 0;
		};
/* End PBXSourcesBuildPhase section */

/* Begin PBXTargetDependency section */
		8C6F2C162A2BE54400ED8344 /* PBXTargetDependency */ = {
			isa = PBXTargetDependency;
			target = 8CE543FC2A229CCC00C15076 /* EssentialFeed */;
			targetProxy = 8C6F2C152A2BE54400ED8344 /* PBXContainerItemProxy */;
		};
		8CE544082A229CCC00C15076 /* PBXTargetDependency */ = {
			isa = PBXTargetDependency;
			target = 8CE543FC2A229CCC00C15076 /* EssentialFeed */;
			targetProxy = 8CE544072A229CCC00C15076 /* PBXContainerItemProxy */;
		};
/* End PBXTargetDependency section */

/* Begin XCBuildConfiguration section */
		8C6F2C182A2BE54400ED8344 /* Debug */ = {
			isa = XCBuildConfiguration;
			buildSettings = {
				CODE_SIGN_STYLE = Automatic;
				CURRENT_PROJECT_VERSION = 1;
				DEVELOPMENT_TEAM = HH3JD7K438;
				GENERATE_INFOPLIST_FILE = YES;
				MARKETING_VERSION = 1.0;
				PRODUCT_BUNDLE_IDENTIFIER = de.app.EssentialFeedAPIEndToEndTests;
				PRODUCT_NAME = "$(TARGET_NAME)";
				SWIFT_EMIT_LOC_STRINGS = NO;
				SWIFT_VERSION = 5.0;
			};
			name = Debug;
		};
		8C6F2C192A2BE54400ED8344 /* Release */ = {
			isa = XCBuildConfiguration;
			buildSettings = {
				CODE_SIGN_STYLE = Automatic;
				CURRENT_PROJECT_VERSION = 1;
				DEVELOPMENT_TEAM = HH3JD7K438;
				GENERATE_INFOPLIST_FILE = YES;
				MARKETING_VERSION = 1.0;
				PRODUCT_BUNDLE_IDENTIFIER = de.app.EssentialFeedAPIEndToEndTests;
				PRODUCT_NAME = "$(TARGET_NAME)";
				SWIFT_EMIT_LOC_STRINGS = NO;
				SWIFT_VERSION = 5.0;
			};
			name = Release;
		};
		8CE5440D2A229CCC00C15076 /* Debug */ = {
			isa = XCBuildConfiguration;
			buildSettings = {
				ALWAYS_SEARCH_USER_PATHS = NO;
				CLANG_ANALYZER_NONNULL = YES;
				CLANG_ANALYZER_NUMBER_OBJECT_CONVERSION = YES_AGGRESSIVE;
				CLANG_CXX_LANGUAGE_STANDARD = "gnu++20";
				CLANG_ENABLE_MODULES = YES;
				CLANG_ENABLE_OBJC_ARC = YES;
				CLANG_ENABLE_OBJC_WEAK = YES;
				CLANG_WARN_BLOCK_CAPTURE_AUTORELEASING = YES;
				CLANG_WARN_BOOL_CONVERSION = YES;
				CLANG_WARN_COMMA = YES;
				CLANG_WARN_CONSTANT_CONVERSION = YES;
				CLANG_WARN_DEPRECATED_OBJC_IMPLEMENTATIONS = YES;
				CLANG_WARN_DIRECT_OBJC_ISA_USAGE = YES_ERROR;
				CLANG_WARN_DOCUMENTATION_COMMENTS = YES;
				CLANG_WARN_EMPTY_BODY = YES;
				CLANG_WARN_ENUM_CONVERSION = YES;
				CLANG_WARN_INFINITE_RECURSION = YES;
				CLANG_WARN_INT_CONVERSION = YES;
				CLANG_WARN_NON_LITERAL_NULL_CONVERSION = YES;
				CLANG_WARN_OBJC_IMPLICIT_RETAIN_SELF = YES;
				CLANG_WARN_OBJC_LITERAL_CONVERSION = YES;
				CLANG_WARN_OBJC_ROOT_CLASS = YES_ERROR;
				CLANG_WARN_QUOTED_INCLUDE_IN_FRAMEWORK_HEADER = YES;
				CLANG_WARN_RANGE_LOOP_ANALYSIS = YES;
				CLANG_WARN_STRICT_PROTOTYPES = YES;
				CLANG_WARN_SUSPICIOUS_MOVE = YES;
				CLANG_WARN_UNGUARDED_AVAILABILITY = YES_AGGRESSIVE;
				CLANG_WARN_UNREACHABLE_CODE = YES;
				CLANG_WARN__DUPLICATE_METHOD_MATCH = YES;
				COPY_PHASE_STRIP = NO;
				CURRENT_PROJECT_VERSION = 1;
				DEBUG_INFORMATION_FORMAT = dwarf;
				ENABLE_STRICT_OBJC_MSGSEND = YES;
				ENABLE_TESTABILITY = YES;
				GCC_C_LANGUAGE_STANDARD = gnu11;
				GCC_DYNAMIC_NO_PIC = NO;
				GCC_NO_COMMON_BLOCKS = YES;
				GCC_OPTIMIZATION_LEVEL = 0;
				GCC_PREPROCESSOR_DEFINITIONS = (
					"DEBUG=1",
					"$(inherited)",
				);
				GCC_WARN_64_TO_32_BIT_CONVERSION = YES;
				GCC_WARN_ABOUT_RETURN_TYPE = YES_ERROR;
				GCC_WARN_UNDECLARED_SELECTOR = YES;
				GCC_WARN_UNINITIALIZED_AUTOS = YES_AGGRESSIVE;
				GCC_WARN_UNUSED_FUNCTION = YES;
				GCC_WARN_UNUSED_VARIABLE = YES;
				MACOSX_DEPLOYMENT_TARGET = 13.3;
				MTL_ENABLE_DEBUG_INFO = INCLUDE_SOURCE;
				MTL_FAST_MATH = YES;
				ONLY_ACTIVE_ARCH = YES;
				SDKROOT = macosx;
				SWIFT_ACTIVE_COMPILATION_CONDITIONS = DEBUG;
				SWIFT_OPTIMIZATION_LEVEL = "-Onone";
				VERSIONING_SYSTEM = "apple-generic";
				VERSION_INFO_PREFIX = "";
			};
			name = Debug;
		};
		8CE5440E2A229CCC00C15076 /* Release */ = {
			isa = XCBuildConfiguration;
			buildSettings = {
				ALWAYS_SEARCH_USER_PATHS = NO;
				CLANG_ANALYZER_NONNULL = YES;
				CLANG_ANALYZER_NUMBER_OBJECT_CONVERSION = YES_AGGRESSIVE;
				CLANG_CXX_LANGUAGE_STANDARD = "gnu++20";
				CLANG_ENABLE_MODULES = YES;
				CLANG_ENABLE_OBJC_ARC = YES;
				CLANG_ENABLE_OBJC_WEAK = YES;
				CLANG_WARN_BLOCK_CAPTURE_AUTORELEASING = YES;
				CLANG_WARN_BOOL_CONVERSION = YES;
				CLANG_WARN_COMMA = YES;
				CLANG_WARN_CONSTANT_CONVERSION = YES;
				CLANG_WARN_DEPRECATED_OBJC_IMPLEMENTATIONS = YES;
				CLANG_WARN_DIRECT_OBJC_ISA_USAGE = YES_ERROR;
				CLANG_WARN_DOCUMENTATION_COMMENTS = YES;
				CLANG_WARN_EMPTY_BODY = YES;
				CLANG_WARN_ENUM_CONVERSION = YES;
				CLANG_WARN_INFINITE_RECURSION = YES;
				CLANG_WARN_INT_CONVERSION = YES;
				CLANG_WARN_NON_LITERAL_NULL_CONVERSION = YES;
				CLANG_WARN_OBJC_IMPLICIT_RETAIN_SELF = YES;
				CLANG_WARN_OBJC_LITERAL_CONVERSION = YES;
				CLANG_WARN_OBJC_ROOT_CLASS = YES_ERROR;
				CLANG_WARN_QUOTED_INCLUDE_IN_FRAMEWORK_HEADER = YES;
				CLANG_WARN_RANGE_LOOP_ANALYSIS = YES;
				CLANG_WARN_STRICT_PROTOTYPES = YES;
				CLANG_WARN_SUSPICIOUS_MOVE = YES;
				CLANG_WARN_UNGUARDED_AVAILABILITY = YES_AGGRESSIVE;
				CLANG_WARN_UNREACHABLE_CODE = YES;
				CLANG_WARN__DUPLICATE_METHOD_MATCH = YES;
				COPY_PHASE_STRIP = NO;
				CURRENT_PROJECT_VERSION = 1;
				DEBUG_INFORMATION_FORMAT = "dwarf-with-dsym";
				ENABLE_NS_ASSERTIONS = NO;
				ENABLE_STRICT_OBJC_MSGSEND = YES;
				GCC_C_LANGUAGE_STANDARD = gnu11;
				GCC_NO_COMMON_BLOCKS = YES;
				GCC_WARN_64_TO_32_BIT_CONVERSION = YES;
				GCC_WARN_ABOUT_RETURN_TYPE = YES_ERROR;
				GCC_WARN_UNDECLARED_SELECTOR = YES;
				GCC_WARN_UNINITIALIZED_AUTOS = YES_AGGRESSIVE;
				GCC_WARN_UNUSED_FUNCTION = YES;
				GCC_WARN_UNUSED_VARIABLE = YES;
				MACOSX_DEPLOYMENT_TARGET = 13.3;
				MTL_ENABLE_DEBUG_INFO = NO;
				MTL_FAST_MATH = YES;
				SDKROOT = macosx;
				SWIFT_COMPILATION_MODE = wholemodule;
				SWIFT_OPTIMIZATION_LEVEL = "-O";
				VERSIONING_SYSTEM = "apple-generic";
				VERSION_INFO_PREFIX = "";
			};
			name = Release;
		};
		8CE544102A229CCC00C15076 /* Debug */ = {
			isa = XCBuildConfiguration;
			buildSettings = {
				CLANG_ENABLE_MODULES = YES;
				CODE_SIGN_STYLE = Automatic;
				COMBINE_HIDPI_IMAGES = YES;
				CURRENT_PROJECT_VERSION = 1;
				DEFINES_MODULE = YES;
				DEVELOPMENT_TEAM = HH3JD7K438;
				DYLIB_COMPATIBILITY_VERSION = 1;
				DYLIB_CURRENT_VERSION = 1;
				DYLIB_INSTALL_NAME_BASE = "@rpath";
				ENABLE_MODULE_VERIFIER = YES;
				GENERATE_INFOPLIST_FILE = YES;
				INFOPLIST_KEY_NSHumanReadableCopyright = "";
				INSTALL_PATH = "$(LOCAL_LIBRARY_DIR)/Frameworks";
				LD_RUNPATH_SEARCH_PATHS = (
					"$(inherited)",
					"@executable_path/../Frameworks",
					"@loader_path/Frameworks",
				);
				MARKETING_VERSION = 1.0;
				MODULE_VERIFIER_SUPPORTED_LANGUAGES = "objective-c objective-c++";
				MODULE_VERIFIER_SUPPORTED_LANGUAGE_STANDARDS = "gnu11 gnu++20";
				PRODUCT_BUNDLE_IDENTIFIER = de.app.EssentialFeed;
				PRODUCT_NAME = "$(TARGET_NAME:c99extidentifier)";
				SKIP_INSTALL = YES;
				SWIFT_EMIT_LOC_STRINGS = YES;
				SWIFT_OPTIMIZATION_LEVEL = "-Onone";
				SWIFT_VERSION = 5.0;
			};
			name = Debug;
		};
		8CE544112A229CCC00C15076 /* Release */ = {
			isa = XCBuildConfiguration;
			buildSettings = {
				CLANG_ENABLE_MODULES = YES;
				CODE_SIGN_STYLE = Automatic;
				COMBINE_HIDPI_IMAGES = YES;
				CURRENT_PROJECT_VERSION = 1;
				DEFINES_MODULE = YES;
				DEVELOPMENT_TEAM = HH3JD7K438;
				DYLIB_COMPATIBILITY_VERSION = 1;
				DYLIB_CURRENT_VERSION = 1;
				DYLIB_INSTALL_NAME_BASE = "@rpath";
				ENABLE_MODULE_VERIFIER = YES;
				GENERATE_INFOPLIST_FILE = YES;
				INFOPLIST_KEY_NSHumanReadableCopyright = "";
				INSTALL_PATH = "$(LOCAL_LIBRARY_DIR)/Frameworks";
				LD_RUNPATH_SEARCH_PATHS = (
					"$(inherited)",
					"@executable_path/../Frameworks",
					"@loader_path/Frameworks",
				);
				MARKETING_VERSION = 1.0;
				MODULE_VERIFIER_SUPPORTED_LANGUAGES = "objective-c objective-c++";
				MODULE_VERIFIER_SUPPORTED_LANGUAGE_STANDARDS = "gnu11 gnu++20";
				PRODUCT_BUNDLE_IDENTIFIER = de.app.EssentialFeed;
				PRODUCT_NAME = "$(TARGET_NAME:c99extidentifier)";
				SKIP_INSTALL = YES;
				SWIFT_EMIT_LOC_STRINGS = YES;
				SWIFT_VERSION = 5.0;
			};
			name = Release;
		};
		8CE544132A229CCC00C15076 /* Debug */ = {
			isa = XCBuildConfiguration;
			buildSettings = {
				ALWAYS_EMBED_SWIFT_STANDARD_LIBRARIES = YES;
				CODE_SIGN_STYLE = Automatic;
				CURRENT_PROJECT_VERSION = 1;
				DEVELOPMENT_TEAM = HH3JD7K438;
				GENERATE_INFOPLIST_FILE = YES;
				MARKETING_VERSION = 1.0;
				PRODUCT_BUNDLE_IDENTIFIER = de.app.EssentialFeedTests;
				PRODUCT_NAME = "$(TARGET_NAME)";
				SWIFT_EMIT_LOC_STRINGS = NO;
				SWIFT_VERSION = 5.0;
			};
			name = Debug;
		};
		8CE544142A229CCC00C15076 /* Release */ = {
			isa = XCBuildConfiguration;
			buildSettings = {
				ALWAYS_EMBED_SWIFT_STANDARD_LIBRARIES = YES;
				CODE_SIGN_STYLE = Automatic;
				CURRENT_PROJECT_VERSION = 1;
				DEVELOPMENT_TEAM = HH3JD7K438;
				GENERATE_INFOPLIST_FILE = YES;
				MARKETING_VERSION = 1.0;
				PRODUCT_BUNDLE_IDENTIFIER = de.app.EssentialFeedTests;
				PRODUCT_NAME = "$(TARGET_NAME)";
				SWIFT_EMIT_LOC_STRINGS = NO;
				SWIFT_VERSION = 5.0;
			};
			name = Release;
		};
/* End XCBuildConfiguration section */

/* Begin XCConfigurationList section */
		8C6F2C172A2BE54400ED8344 /* Build configuration list for PBXNativeTarget "EssentialFeedAPIEndToEndTests" */ = {
			isa = XCConfigurationList;
			buildConfigurations = (
				8C6F2C182A2BE54400ED8344 /* Debug */,
				8C6F2C192A2BE54400ED8344 /* Release */,
			);
			defaultConfigurationIsVisible = 0;
			defaultConfigurationName = Release;
		};
		8CE543F72A229CCC00C15076 /* Build configuration list for PBXProject "EssentialFeed" */ = {
			isa = XCConfigurationList;
			buildConfigurations = (
				8CE5440D2A229CCC00C15076 /* Debug */,
				8CE5440E2A229CCC00C15076 /* Release */,
			);
			defaultConfigurationIsVisible = 0;
			defaultConfigurationName = Release;
		};
		8CE5440F2A229CCC00C15076 /* Build configuration list for PBXNativeTarget "EssentialFeed" */ = {
			isa = XCConfigurationList;
			buildConfigurations = (
				8CE544102A229CCC00C15076 /* Debug */,
				8CE544112A229CCC00C15076 /* Release */,
			);
			defaultConfigurationIsVisible = 0;
			defaultConfigurationName = Release;
		};
		8CE544122A229CCC00C15076 /* Build configuration list for PBXNativeTarget "EssentialFeedTests" */ = {
			isa = XCConfigurationList;
			buildConfigurations = (
				8CE544132A229CCC00C15076 /* Debug */,
				8CE544142A229CCC00C15076 /* Release */,
			);
			defaultConfigurationIsVisible = 0;
			defaultConfigurationName = Release;
		};
/* End XCConfigurationList section */
	};
	rootObject = 8CE543F42A229CCC00C15076 /* Project object */;
}
